// !$*UTF8*$!
{
	archiveVersion = 1;
	classes = {
	};
	objectVersion = 46;
	objects = {

/* Begin PBXBuildFile section */
		OBJ_101 /* PathKit.swift in Sources */ = {isa = PBXBuildFile; fileRef = OBJ_21 /* PathKit.swift */; };
		OBJ_103 /* Spectre.framework in Frameworks */ = {isa = PBXBuildFile; fileRef = OBJ_51 /* Spectre.framework */; };
		OBJ_110 /* main.swift in Sources */ = {isa = PBXBuildFile; fileRef = OBJ_9 /* main.swift */; };
		OBJ_112 /* CommandLineKit.framework in Frameworks */ = {isa = PBXBuildFile; fileRef = OBJ_49 /* CommandLineKit.framework */; };
		OBJ_113 /* Rainbow.framework in Frameworks */ = {isa = PBXBuildFile; fileRef = OBJ_50 /* Rainbow.framework */; };
		OBJ_114 /* Spectre.framework in Frameworks */ = {isa = PBXBuildFile; fileRef = OBJ_51 /* Spectre.framework */; };
		OBJ_115 /* PathKit.framework in Frameworks */ = {isa = PBXBuildFile; fileRef = OBJ_52 /* PathKit.framework */; };
		OBJ_116 /* ArchiveKit.framework in Frameworks */ = {isa = PBXBuildFile; fileRef = OBJ_54 /* ArchiveKit.framework */; };
		OBJ_127 /* ArchiveKit.swift in Sources */ = {isa = PBXBuildFile; fileRef = OBJ_11 /* ArchiveKit.swift */; };
		OBJ_128 /* Command.swift in Sources */ = {isa = PBXBuildFile; fileRef = OBJ_12 /* Command.swift */; };
		OBJ_129 /* Extensions.swift in Sources */ = {isa = PBXBuildFile; fileRef = OBJ_13 /* Extensions.swift */; };
		OBJ_130 /* FileProcess.swift in Sources */ = {isa = PBXBuildFile; fileRef = OBJ_14 /* FileProcess.swift */; };
		OBJ_132 /* CommandLineKit.framework in Frameworks */ = {isa = PBXBuildFile; fileRef = OBJ_49 /* CommandLineKit.framework */; };
		OBJ_133 /* Rainbow.framework in Frameworks */ = {isa = PBXBuildFile; fileRef = OBJ_50 /* Rainbow.framework */; };
		OBJ_134 /* Spectre.framework in Frameworks */ = {isa = PBXBuildFile; fileRef = OBJ_51 /* Spectre.framework */; };
		OBJ_135 /* PathKit.framework in Frameworks */ = {isa = PBXBuildFile; fileRef = OBJ_52 /* PathKit.framework */; };
		OBJ_145 /* ArchiveKitSpec.swift in Sources */ = {isa = PBXBuildFile; fileRef = OBJ_17 /* ArchiveKitSpec.swift */; };
		OBJ_146 /* ArchiveKitTests.swift in Sources */ = {isa = PBXBuildFile; fileRef = OBJ_18 /* ArchiveKitTests.swift */; };
		OBJ_148 /* CommandLineKit.framework in Frameworks */ = {isa = PBXBuildFile; fileRef = OBJ_49 /* CommandLineKit.framework */; };
		OBJ_149 /* Rainbow.framework in Frameworks */ = {isa = PBXBuildFile; fileRef = OBJ_50 /* Rainbow.framework */; };
		OBJ_150 /* Spectre.framework in Frameworks */ = {isa = PBXBuildFile; fileRef = OBJ_51 /* Spectre.framework */; };
		OBJ_151 /* PathKit.framework in Frameworks */ = {isa = PBXBuildFile; fileRef = OBJ_52 /* PathKit.framework */; };
		OBJ_152 /* ArchiveKit.framework in Frameworks */ = {isa = PBXBuildFile; fileRef = OBJ_54 /* ArchiveKit.framework */; };
		OBJ_61 /* CommandLine.swift in Sources */ = {isa = PBXBuildFile; fileRef = OBJ_45 /* CommandLine.swift */; };
		OBJ_62 /* Option.swift in Sources */ = {isa = PBXBuildFile; fileRef = OBJ_46 /* Option.swift */; };
		OBJ_63 /* StringExtensions.swift in Sources */ = {isa = PBXBuildFile; fileRef = OBJ_47 /* StringExtensions.swift */; };
		OBJ_70 /* BackgroundColor.swift in Sources */ = {isa = PBXBuildFile; fileRef = OBJ_32 /* BackgroundColor.swift */; };
		OBJ_71 /* CodesParser.swift in Sources */ = {isa = PBXBuildFile; fileRef = OBJ_33 /* CodesParser.swift */; };
		OBJ_72 /* Color.swift in Sources */ = {isa = PBXBuildFile; fileRef = OBJ_34 /* Color.swift */; };
		OBJ_73 /* ControlCode.swift in Sources */ = {isa = PBXBuildFile; fileRef = OBJ_35 /* ControlCode.swift */; };
		OBJ_74 /* ModesExtractor.swift in Sources */ = {isa = PBXBuildFile; fileRef = OBJ_36 /* ModesExtractor.swift */; };
		OBJ_75 /* OutputTarget.swift in Sources */ = {isa = PBXBuildFile; fileRef = OBJ_37 /* OutputTarget.swift */; };
		OBJ_76 /* Rainbow.swift in Sources */ = {isa = PBXBuildFile; fileRef = OBJ_38 /* Rainbow.swift */; };
		OBJ_77 /* String+Rainbow.swift in Sources */ = {isa = PBXBuildFile; fileRef = OBJ_39 /* String+Rainbow.swift */; };
		OBJ_78 /* StringGenerator.swift in Sources */ = {isa = PBXBuildFile; fileRef = OBJ_40 /* StringGenerator.swift */; };
		OBJ_79 /* Style.swift in Sources */ = {isa = PBXBuildFile; fileRef = OBJ_41 /* Style.swift */; };
		OBJ_80 /* XcodeColorsSupport.swift in Sources */ = {isa = PBXBuildFile; fileRef = OBJ_42 /* XcodeColorsSupport.swift */; };
		OBJ_87 /* Case.swift in Sources */ = {isa = PBXBuildFile; fileRef = OBJ_23 /* Case.swift */; };
		OBJ_88 /* Context.swift in Sources */ = {isa = PBXBuildFile; fileRef = OBJ_24 /* Context.swift */; };
		OBJ_89 /* Expectation.swift in Sources */ = {isa = PBXBuildFile; fileRef = OBJ_25 /* Expectation.swift */; };
		OBJ_90 /* Failure.swift in Sources */ = {isa = PBXBuildFile; fileRef = OBJ_26 /* Failure.swift */; };
		OBJ_91 /* Global.swift in Sources */ = {isa = PBXBuildFile; fileRef = OBJ_27 /* Global.swift */; };
		OBJ_92 /* GlobalContext.swift in Sources */ = {isa = PBXBuildFile; fileRef = OBJ_28 /* GlobalContext.swift */; };
		OBJ_93 /* Reporter.swift in Sources */ = {isa = PBXBuildFile; fileRef = OBJ_29 /* Reporter.swift */; };
		OBJ_94 /* Reporters.swift in Sources */ = {isa = PBXBuildFile; fileRef = OBJ_30 /* Reporters.swift */; };
/* End PBXBuildFile section */

/* Begin PBXContainerItemProxy section */
		7388CE861EEE7A4F000C4FF5 /* PBXContainerItemProxy */ = {
			isa = PBXContainerItemProxy;
			containerPortal = OBJ_1 /* Project object */;
			proxyType = 1;
			remoteGlobalIDString = OBJ_82;
			remoteInfo = Spectre;
		};
		7388CE871EEE7A4F000C4FF5 /* PBXContainerItemProxy */ = {
			isa = PBXContainerItemProxy;
			containerPortal = OBJ_1 /* Project object */;
			proxyType = 1;
			remoteGlobalIDString = OBJ_56;
			remoteInfo = CommandLineKit;
		};
		7388CE881EEE7A4F000C4FF5 /* PBXContainerItemProxy */ = {
			isa = PBXContainerItemProxy;
			containerPortal = OBJ_1 /* Project object */;
			proxyType = 1;
			remoteGlobalIDString = OBJ_65;
			remoteInfo = Rainbow;
		};
		7388CE891EEE7A4F000C4FF5 /* PBXContainerItemProxy */ = {
			isa = PBXContainerItemProxy;
			containerPortal = OBJ_1 /* Project object */;
			proxyType = 1;
			remoteGlobalIDString = OBJ_82;
			remoteInfo = Spectre;
		};
		7388CE8A1EEE7A4F000C4FF5 /* PBXContainerItemProxy */ = {
			isa = PBXContainerItemProxy;
			containerPortal = OBJ_1 /* Project object */;
			proxyType = 1;
			remoteGlobalIDString = OBJ_96;
			remoteInfo = PathKit;
		};
		7388CE8B1EEE7A4F000C4FF5 /* PBXContainerItemProxy */ = {
			isa = PBXContainerItemProxy;
			containerPortal = OBJ_1 /* Project object */;
			proxyType = 1;
			remoteGlobalIDString = OBJ_122;
			remoteInfo = ArchiveKit;
		};
		7388CE8C1EEE7A4F000C4FF5 /* PBXContainerItemProxy */ = {
			isa = PBXContainerItemProxy;
			containerPortal = OBJ_1 /* Project object */;
			proxyType = 1;
			remoteGlobalIDString = OBJ_56;
			remoteInfo = CommandLineKit;
		};
		7388CE8D1EEE7A4F000C4FF5 /* PBXContainerItemProxy */ = {
			isa = PBXContainerItemProxy;
			containerPortal = OBJ_1 /* Project object */;
			proxyType = 1;
			remoteGlobalIDString = OBJ_65;
			remoteInfo = Rainbow;
		};
		7388CE8E1EEE7A4F000C4FF5 /* PBXContainerItemProxy */ = {
			isa = PBXContainerItemProxy;
			containerPortal = OBJ_1 /* Project object */;
			proxyType = 1;
			remoteGlobalIDString = OBJ_82;
			remoteInfo = Spectre;
		};
		7388CE8F1EEE7A4F000C4FF5 /* PBXContainerItemProxy */ = {
			isa = PBXContainerItemProxy;
			containerPortal = OBJ_1 /* Project object */;
			proxyType = 1;
			remoteGlobalIDString = OBJ_96;
			remoteInfo = PathKit;
		};
		7388CE901EEE7A4F000C4FF5 /* PBXContainerItemProxy */ = {
			isa = PBXContainerItemProxy;
			containerPortal = OBJ_1 /* Project object */;
			proxyType = 1;
			remoteGlobalIDString = OBJ_56;
			remoteInfo = CommandLineKit;
		};
		7388CE911EEE7A4F000C4FF5 /* PBXContainerItemProxy */ = {
			isa = PBXContainerItemProxy;
			containerPortal = OBJ_1 /* Project object */;
			proxyType = 1;
			remoteGlobalIDString = OBJ_65;
			remoteInfo = Rainbow;
		};
		7388CE921EEE7A4F000C4FF5 /* PBXContainerItemProxy */ = {
			isa = PBXContainerItemProxy;
			containerPortal = OBJ_1 /* Project object */;
			proxyType = 1;
			remoteGlobalIDString = OBJ_82;
			remoteInfo = Spectre;
		};
		7388CE931EEE7A4F000C4FF5 /* PBXContainerItemProxy */ = {
			isa = PBXContainerItemProxy;
			containerPortal = OBJ_1 /* Project object */;
			proxyType = 1;
			remoteGlobalIDString = OBJ_96;
			remoteInfo = PathKit;
		};
		7388CE941EEE7A4F000C4FF5 /* PBXContainerItemProxy */ = {
			isa = PBXContainerItemProxy;
			containerPortal = OBJ_1 /* Project object */;
			proxyType = 1;
			remoteGlobalIDString = OBJ_122;
			remoteInfo = ArchiveKit;
		};
		7388CE951EEE7A4F000C4FF5 /* PBXContainerItemProxy */ = {
			isa = PBXContainerItemProxy;
			containerPortal = OBJ_1 /* Project object */;
			proxyType = 1;
			remoteGlobalIDString = OBJ_105;
			remoteInfo = ArchiveTool;
		};
/* End PBXContainerItemProxy section */

/* Begin PBXFileReference section */
		OBJ_11 /* ArchiveKit.swift */ = {isa = PBXFileReference; lastKnownFileType = sourcecode.swift; path = ArchiveKit.swift; sourceTree = "<group>"; };
		OBJ_12 /* Command.swift */ = {isa = PBXFileReference; lastKnownFileType = sourcecode.swift; path = Command.swift; sourceTree = "<group>"; };
		OBJ_13 /* Extensions.swift */ = {isa = PBXFileReference; lastKnownFileType = sourcecode.swift; path = Extensions.swift; sourceTree = "<group>"; };
		OBJ_14 /* FileProcess.swift */ = {isa = PBXFileReference; lastKnownFileType = sourcecode.swift; path = FileProcess.swift; sourceTree = "<group>"; };
		OBJ_17 /* ArchiveKitSpec.swift */ = {isa = PBXFileReference; lastKnownFileType = sourcecode.swift; path = ArchiveKitSpec.swift; sourceTree = "<group>"; };
		OBJ_18 /* ArchiveKitTests.swift */ = {isa = PBXFileReference; lastKnownFileType = sourcecode.swift; path = ArchiveKitTests.swift; sourceTree = "<group>"; };
		OBJ_21 /* PathKit.swift */ = {isa = PBXFileReference; lastKnownFileType = sourcecode.swift; path = PathKit.swift; sourceTree = "<group>"; };
		OBJ_23 /* Case.swift */ = {isa = PBXFileReference; lastKnownFileType = sourcecode.swift; path = Case.swift; sourceTree = "<group>"; };
		OBJ_24 /* Context.swift */ = {isa = PBXFileReference; lastKnownFileType = sourcecode.swift; path = Context.swift; sourceTree = "<group>"; };
		OBJ_25 /* Expectation.swift */ = {isa = PBXFileReference; lastKnownFileType = sourcecode.swift; path = Expectation.swift; sourceTree = "<group>"; };
		OBJ_26 /* Failure.swift */ = {isa = PBXFileReference; lastKnownFileType = sourcecode.swift; path = Failure.swift; sourceTree = "<group>"; };
		OBJ_27 /* Global.swift */ = {isa = PBXFileReference; lastKnownFileType = sourcecode.swift; path = Global.swift; sourceTree = "<group>"; };
		OBJ_28 /* GlobalContext.swift */ = {isa = PBXFileReference; lastKnownFileType = sourcecode.swift; path = GlobalContext.swift; sourceTree = "<group>"; };
		OBJ_29 /* Reporter.swift */ = {isa = PBXFileReference; lastKnownFileType = sourcecode.swift; path = Reporter.swift; sourceTree = "<group>"; };
		OBJ_30 /* Reporters.swift */ = {isa = PBXFileReference; lastKnownFileType = sourcecode.swift; path = Reporters.swift; sourceTree = "<group>"; };
		OBJ_32 /* BackgroundColor.swift */ = {isa = PBXFileReference; lastKnownFileType = sourcecode.swift; path = BackgroundColor.swift; sourceTree = "<group>"; };
		OBJ_33 /* CodesParser.swift */ = {isa = PBXFileReference; lastKnownFileType = sourcecode.swift; path = CodesParser.swift; sourceTree = "<group>"; };
		OBJ_34 /* Color.swift */ = {isa = PBXFileReference; lastKnownFileType = sourcecode.swift; path = Color.swift; sourceTree = "<group>"; };
		OBJ_35 /* ControlCode.swift */ = {isa = PBXFileReference; lastKnownFileType = sourcecode.swift; path = ControlCode.swift; sourceTree = "<group>"; };
		OBJ_36 /* ModesExtractor.swift */ = {isa = PBXFileReference; lastKnownFileType = sourcecode.swift; path = ModesExtractor.swift; sourceTree = "<group>"; };
		OBJ_37 /* OutputTarget.swift */ = {isa = PBXFileReference; lastKnownFileType = sourcecode.swift; path = OutputTarget.swift; sourceTree = "<group>"; };
		OBJ_38 /* Rainbow.swift */ = {isa = PBXFileReference; lastKnownFileType = sourcecode.swift; path = Rainbow.swift; sourceTree = "<group>"; };
		OBJ_39 /* String+Rainbow.swift */ = {isa = PBXFileReference; lastKnownFileType = sourcecode.swift; path = "String+Rainbow.swift"; sourceTree = "<group>"; };
		OBJ_40 /* StringGenerator.swift */ = {isa = PBXFileReference; lastKnownFileType = sourcecode.swift; path = StringGenerator.swift; sourceTree = "<group>"; };
		OBJ_41 /* Style.swift */ = {isa = PBXFileReference; lastKnownFileType = sourcecode.swift; path = Style.swift; sourceTree = "<group>"; };
		OBJ_42 /* XcodeColorsSupport.swift */ = {isa = PBXFileReference; lastKnownFileType = sourcecode.swift; path = XcodeColorsSupport.swift; sourceTree = "<group>"; };
		OBJ_45 /* CommandLine.swift */ = {isa = PBXFileReference; lastKnownFileType = sourcecode.swift; path = CommandLine.swift; sourceTree = "<group>"; };
		OBJ_46 /* Option.swift */ = {isa = PBXFileReference; lastKnownFileType = sourcecode.swift; path = Option.swift; sourceTree = "<group>"; };
		OBJ_47 /* StringExtensions.swift */ = {isa = PBXFileReference; lastKnownFileType = sourcecode.swift; path = StringExtensions.swift; sourceTree = "<group>"; };
		OBJ_49 /* CommandLineKit.framework */ = {isa = PBXFileReference; explicitFileType = wrapper.framework; path = CommandLineKit.framework; sourceTree = BUILT_PRODUCTS_DIR; };
		OBJ_50 /* Rainbow.framework */ = {isa = PBXFileReference; explicitFileType = wrapper.framework; path = Rainbow.framework; sourceTree = BUILT_PRODUCTS_DIR; };
		OBJ_51 /* Spectre.framework */ = {isa = PBXFileReference; explicitFileType = wrapper.framework; path = Spectre.framework; sourceTree = BUILT_PRODUCTS_DIR; };
		OBJ_52 /* PathKit.framework */ = {isa = PBXFileReference; explicitFileType = wrapper.framework; path = PathKit.framework; sourceTree = BUILT_PRODUCTS_DIR; };
		OBJ_53 /* ArchiveTool */ = {isa = PBXFileReference; lastKnownFileType = text; path = ArchiveTool; sourceTree = BUILT_PRODUCTS_DIR; };
		OBJ_54 /* ArchiveKit.framework */ = {isa = PBXFileReference; explicitFileType = wrapper.framework; path = ArchiveKit.framework; sourceTree = BUILT_PRODUCTS_DIR; };
		OBJ_55 /* ArchiveToolTests.xctest */ = {isa = PBXFileReference; lastKnownFileType = file; path = ArchiveToolTests.xctest; sourceTree = BUILT_PRODUCTS_DIR; };
		OBJ_6 /* Package.swift */ = {isa = PBXFileReference; explicitFileType = sourcecode.swift; path = Package.swift; sourceTree = "<group>"; };
		OBJ_9 /* main.swift */ = {isa = PBXFileReference; lastKnownFileType = sourcecode.swift; path = main.swift; sourceTree = "<group>"; };
/* End PBXFileReference section */

/* Begin PBXFrameworksBuildPhase section */
		OBJ_102 /* Frameworks */ = {
			isa = PBXFrameworksBuildPhase;
			buildActionMask = 0;
			files = (
				OBJ_103 /* Spectre.framework in Frameworks */,
			);
			runOnlyForDeploymentPostprocessing = 0;
		};
		OBJ_111 /* Frameworks */ = {
			isa = PBXFrameworksBuildPhase;
			buildActionMask = 0;
			files = (
				OBJ_112 /* CommandLineKit.framework in Frameworks */,
				OBJ_113 /* Rainbow.framework in Frameworks */,
				OBJ_114 /* Spectre.framework in Frameworks */,
				OBJ_115 /* PathKit.framework in Frameworks */,
				OBJ_116 /* ArchiveKit.framework in Frameworks */,
			);
			runOnlyForDeploymentPostprocessing = 0;
		};
		OBJ_131 /* Frameworks */ = {
			isa = PBXFrameworksBuildPhase;
			buildActionMask = 0;
			files = (
				OBJ_132 /* CommandLineKit.framework in Frameworks */,
				OBJ_133 /* Rainbow.framework in Frameworks */,
				OBJ_134 /* Spectre.framework in Frameworks */,
				OBJ_135 /* PathKit.framework in Frameworks */,
			);
			runOnlyForDeploymentPostprocessing = 0;
		};
		OBJ_147 /* Frameworks */ = {
			isa = PBXFrameworksBuildPhase;
			buildActionMask = 0;
			files = (
				OBJ_148 /* CommandLineKit.framework in Frameworks */,
				OBJ_149 /* Rainbow.framework in Frameworks */,
				OBJ_150 /* Spectre.framework in Frameworks */,
				OBJ_151 /* PathKit.framework in Frameworks */,
				OBJ_152 /* ArchiveKit.framework in Frameworks */,
			);
			runOnlyForDeploymentPostprocessing = 0;
		};
		OBJ_64 /* Frameworks */ = {
			isa = PBXFrameworksBuildPhase;
			buildActionMask = 0;
			files = (
			);
			runOnlyForDeploymentPostprocessing = 0;
		};
		OBJ_81 /* Frameworks */ = {
			isa = PBXFrameworksBuildPhase;
			buildActionMask = 0;
			files = (
			);
			runOnlyForDeploymentPostprocessing = 0;
		};
		OBJ_95 /* Frameworks */ = {
			isa = PBXFrameworksBuildPhase;
			buildActionMask = 0;
			files = (
			);
			runOnlyForDeploymentPostprocessing = 0;
		};
/* End PBXFrameworksBuildPhase section */

/* Begin PBXGroup section */
		OBJ_10 /* ArchiveKit */ = {
			isa = PBXGroup;
			children = (
				OBJ_11 /* ArchiveKit.swift */,
				OBJ_12 /* Command.swift */,
				OBJ_13 /* Extensions.swift */,
				OBJ_14 /* FileProcess.swift */,
			);
			name = ArchiveKit;
			path = Sources/ArchiveKit;
			sourceTree = SOURCE_ROOT;
		};
		OBJ_15 /* Tests */ = {
			isa = PBXGroup;
			children = (
				OBJ_16 /* ArchiveToolTests */,
			);
			name = Tests;
			sourceTree = SOURCE_ROOT;
		};
		OBJ_16 /* ArchiveToolTests */ = {
			isa = PBXGroup;
			children = (
				OBJ_17 /* ArchiveKitSpec.swift */,
				OBJ_18 /* ArchiveKitTests.swift */,
			);
			name = ArchiveToolTests;
			path = Tests/ArchiveToolTests;
			sourceTree = SOURCE_ROOT;
		};
		OBJ_19 /* Dependencies */ = {
			isa = PBXGroup;
			children = (
				OBJ_20 /* PathKit 0.8.0 */,
				OBJ_22 /* Spectre 0.7.2 */,
				OBJ_31 /* Rainbow 2.0.1 */,
				OBJ_43 /* CommandLine 3.0.0-pre1 */,
			);
			name = Dependencies;
			sourceTree = "<group>";
		};
		OBJ_20 /* PathKit 0.8.0 */ = {
			isa = PBXGroup;
			children = (
				OBJ_21 /* PathKit.swift */,
			);
			name = "PathKit 0.8.0";
			path = ".build/checkouts/PathKit--9185519632264250829/Sources";
			sourceTree = SOURCE_ROOT;
		};
		OBJ_22 /* Spectre 0.7.2 */ = {
			isa = PBXGroup;
			children = (
				OBJ_23 /* Case.swift */,
				OBJ_24 /* Context.swift */,
				OBJ_25 /* Expectation.swift */,
				OBJ_26 /* Failure.swift */,
				OBJ_27 /* Global.swift */,
				OBJ_28 /* GlobalContext.swift */,
				OBJ_29 /* Reporter.swift */,
				OBJ_30 /* Reporters.swift */,
			);
			name = "Spectre 0.7.2";
			path = ".build/checkouts/Spectre.git--7655155069707042687/Sources";
			sourceTree = SOURCE_ROOT;
		};
		OBJ_31 /* Rainbow 2.0.1 */ = {
			isa = PBXGroup;
			children = (
				OBJ_32 /* BackgroundColor.swift */,
				OBJ_33 /* CodesParser.swift */,
				OBJ_34 /* Color.swift */,
				OBJ_35 /* ControlCode.swift */,
				OBJ_36 /* ModesExtractor.swift */,
				OBJ_37 /* OutputTarget.swift */,
				OBJ_38 /* Rainbow.swift */,
				OBJ_39 /* String+Rainbow.swift */,
				OBJ_40 /* StringGenerator.swift */,
				OBJ_41 /* Style.swift */,
				OBJ_42 /* XcodeColorsSupport.swift */,
			);
			name = "Rainbow 2.0.1";
			path = ".build/checkouts/Rainbow-4833422609927903952/Sources";
			sourceTree = SOURCE_ROOT;
		};
		OBJ_43 /* CommandLine 3.0.0-pre1 */ = {
			isa = PBXGroup;
			children = (
				OBJ_44 /* CommandLineKit */,
			);
			name = "CommandLine 3.0.0-pre1";
			sourceTree = SOURCE_ROOT;
		};
		OBJ_44 /* CommandLineKit */ = {
			isa = PBXGroup;
			children = (
				OBJ_45 /* CommandLine.swift */,
				OBJ_46 /* Option.swift */,
				OBJ_47 /* StringExtensions.swift */,
			);
			name = CommandLineKit;
			path = ".build/checkouts/CommandLine-2650396103741080200/CommandLineKit";
			sourceTree = SOURCE_ROOT;
		};
		OBJ_48 /* Products */ = {
			isa = PBXGroup;
			children = (
				OBJ_49 /* CommandLineKit.framework */,
				OBJ_50 /* Rainbow.framework */,
				OBJ_51 /* Spectre.framework */,
				OBJ_52 /* PathKit.framework */,
				OBJ_53 /* ArchiveTool */,
				OBJ_54 /* ArchiveKit.framework */,
				OBJ_55 /* ArchiveToolTests.xctest */,
			);
			name = Products;
			sourceTree = BUILT_PRODUCTS_DIR;
		};
		OBJ_5 /*  */ = {
			isa = PBXGroup;
			children = (
				OBJ_6 /* Package.swift */,
				OBJ_7 /* Sources */,
				OBJ_15 /* Tests */,
				OBJ_19 /* Dependencies */,
				OBJ_48 /* Products */,
			);
			name = "";
			sourceTree = "<group>";
		};
		OBJ_7 /* Sources */ = {
			isa = PBXGroup;
			children = (
				OBJ_8 /* ArchiveTool */,
				OBJ_10 /* ArchiveKit */,
			);
			name = Sources;
			sourceTree = SOURCE_ROOT;
		};
		OBJ_8 /* ArchiveTool */ = {
			isa = PBXGroup;
			children = (
				OBJ_9 /* main.swift */,
			);
			name = ArchiveTool;
			path = Sources/ArchiveTool;
			sourceTree = SOURCE_ROOT;
		};
/* End PBXGroup section */

/* Begin PBXNativeTarget section */
		OBJ_105 /* ArchiveTool */ = {
			isa = PBXNativeTarget;
			buildConfigurationList = OBJ_106 /* Build configuration list for PBXNativeTarget "ArchiveTool" */;
			buildPhases = (
				OBJ_109 /* Sources */,
				OBJ_111 /* Frameworks */,
			);
			buildRules = (
			);
			dependencies = (
				OBJ_117 /* PBXTargetDependency */,
				OBJ_118 /* PBXTargetDependency */,
				OBJ_119 /* PBXTargetDependency */,
				OBJ_120 /* PBXTargetDependency */,
				OBJ_121 /* PBXTargetDependency */,
			);
			name = ArchiveTool;
			productName = ArchiveTool;
			productReference = OBJ_53 /* ArchiveTool */;
			productType = "com.apple.product-type.tool";
		};
		OBJ_122 /* ArchiveKit */ = {
			isa = PBXNativeTarget;
			buildConfigurationList = OBJ_123 /* Build configuration list for PBXNativeTarget "ArchiveKit" */;
			buildPhases = (
				OBJ_126 /* Sources */,
				OBJ_131 /* Frameworks */,
			);
			buildRules = (
			);
			dependencies = (
				OBJ_136 /* PBXTargetDependency */,
				OBJ_137 /* PBXTargetDependency */,
				OBJ_138 /* PBXTargetDependency */,
				OBJ_139 /* PBXTargetDependency */,
			);
			name = ArchiveKit;
			productName = ArchiveKit;
			productReference = OBJ_54 /* ArchiveKit.framework */;
			productType = "com.apple.product-type.framework";
		};
		OBJ_140 /* ArchiveToolTests */ = {
			isa = PBXNativeTarget;
			buildConfigurationList = OBJ_141 /* Build configuration list for PBXNativeTarget "ArchiveToolTests" */;
			buildPhases = (
				OBJ_144 /* Sources */,
				OBJ_147 /* Frameworks */,
			);
			buildRules = (
			);
			dependencies = (
				OBJ_153 /* PBXTargetDependency */,
				OBJ_154 /* PBXTargetDependency */,
				OBJ_155 /* PBXTargetDependency */,
				OBJ_156 /* PBXTargetDependency */,
				OBJ_157 /* PBXTargetDependency */,
				OBJ_158 /* PBXTargetDependency */,
			);
			name = ArchiveToolTests;
			productName = ArchiveToolTests;
			productReference = OBJ_55 /* ArchiveToolTests.xctest */;
			productType = "com.apple.product-type.bundle.unit-test";
		};
		OBJ_56 /* CommandLineKit */ = {
			isa = PBXNativeTarget;
			buildConfigurationList = OBJ_57 /* Build configuration list for PBXNativeTarget "CommandLineKit" */;
			buildPhases = (
				OBJ_60 /* Sources */,
				OBJ_64 /* Frameworks */,
			);
			buildRules = (
			);
			dependencies = (
			);
			name = CommandLineKit;
			productName = CommandLineKit;
			productReference = OBJ_49 /* CommandLineKit.framework */;
			productType = "com.apple.product-type.framework";
		};
		OBJ_65 /* Rainbow */ = {
			isa = PBXNativeTarget;
			buildConfigurationList = OBJ_66 /* Build configuration list for PBXNativeTarget "Rainbow" */;
			buildPhases = (
				OBJ_69 /* Sources */,
				OBJ_81 /* Frameworks */,
			);
			buildRules = (
			);
			dependencies = (
			);
			name = Rainbow;
			productName = Rainbow;
			productReference = OBJ_50 /* Rainbow.framework */;
			productType = "com.apple.product-type.framework";
		};
		OBJ_82 /* Spectre */ = {
			isa = PBXNativeTarget;
			buildConfigurationList = OBJ_83 /* Build configuration list for PBXNativeTarget "Spectre" */;
			buildPhases = (
				OBJ_86 /* Sources */,
				OBJ_95 /* Frameworks */,
			);
			buildRules = (
			);
			dependencies = (
			);
			name = Spectre;
			productName = Spectre;
			productReference = OBJ_51 /* Spectre.framework */;
			productType = "com.apple.product-type.framework";
		};
		OBJ_96 /* PathKit */ = {
			isa = PBXNativeTarget;
			buildConfigurationList = OBJ_97 /* Build configuration list for PBXNativeTarget "PathKit" */;
			buildPhases = (
				OBJ_100 /* Sources */,
				OBJ_102 /* Frameworks */,
			);
			buildRules = (
			);
			dependencies = (
				OBJ_104 /* PBXTargetDependency */,
			);
			name = PathKit;
			productName = PathKit;
			productReference = OBJ_52 /* PathKit.framework */;
			productType = "com.apple.product-type.framework";
		};
/* End PBXNativeTarget section */

/* Begin PBXProject section */
		OBJ_1 /* Project object */ = {
			isa = PBXProject;
			attributes = {
				LastUpgradeCheck = 9999;
			};
			buildConfigurationList = OBJ_2 /* Build configuration list for PBXProject "GYArchiveTool" */;
			compatibilityVersion = "Xcode 3.2";
			developmentRegion = English;
			hasScannedForEncodings = 0;
			knownRegions = (
				en,
			);
			mainGroup = OBJ_5 /*  */;
			productRefGroup = OBJ_48 /* Products */;
			projectDirPath = "";
			projectRoot = "";
			targets = (
				OBJ_56 /* CommandLineKit */,
				OBJ_65 /* Rainbow */,
				OBJ_82 /* Spectre */,
				OBJ_96 /* PathKit */,
				OBJ_105 /* ArchiveTool */,
				OBJ_122 /* ArchiveKit */,
				OBJ_140 /* ArchiveToolTests */,
			);
		};
/* End PBXProject section */

/* Begin PBXSourcesBuildPhase section */
		OBJ_100 /* Sources */ = {
			isa = PBXSourcesBuildPhase;
			buildActionMask = 0;
			files = (
				OBJ_101 /* PathKit.swift in Sources */,
			);
			runOnlyForDeploymentPostprocessing = 0;
		};
		OBJ_109 /* Sources */ = {
			isa = PBXSourcesBuildPhase;
			buildActionMask = 0;
			files = (
				OBJ_110 /* main.swift in Sources */,
			);
			runOnlyForDeploymentPostprocessing = 0;
		};
		OBJ_126 /* Sources */ = {
			isa = PBXSourcesBuildPhase;
			buildActionMask = 0;
			files = (
				OBJ_127 /* ArchiveKit.swift in Sources */,
				OBJ_128 /* Command.swift in Sources */,
				OBJ_129 /* Extensions.swift in Sources */,
				OBJ_130 /* FileProcess.swift in Sources */,
			);
			runOnlyForDeploymentPostprocessing = 0;
		};
		OBJ_144 /* Sources */ = {
			isa = PBXSourcesBuildPhase;
			buildActionMask = 0;
			files = (
				OBJ_145 /* ArchiveKitSpec.swift in Sources */,
				OBJ_146 /* ArchiveKitTests.swift in Sources */,
			);
			runOnlyForDeploymentPostprocessing = 0;
		};
		OBJ_60 /* Sources */ = {
			isa = PBXSourcesBuildPhase;
			buildActionMask = 0;
			files = (
				OBJ_61 /* CommandLine.swift in Sources */,
				OBJ_62 /* Option.swift in Sources */,
				OBJ_63 /* StringExtensions.swift in Sources */,
			);
			runOnlyForDeploymentPostprocessing = 0;
		};
		OBJ_69 /* Sources */ = {
			isa = PBXSourcesBuildPhase;
			buildActionMask = 0;
			files = (
				OBJ_70 /* BackgroundColor.swift in Sources */,
				OBJ_71 /* CodesParser.swift in Sources */,
				OBJ_72 /* Color.swift in Sources */,
				OBJ_73 /* ControlCode.swift in Sources */,
				OBJ_74 /* ModesExtractor.swift in Sources */,
				OBJ_75 /* OutputTarget.swift in Sources */,
				OBJ_76 /* Rainbow.swift in Sources */,
				OBJ_77 /* String+Rainbow.swift in Sources */,
				OBJ_78 /* StringGenerator.swift in Sources */,
				OBJ_79 /* Style.swift in Sources */,
				OBJ_80 /* XcodeColorsSupport.swift in Sources */,
			);
			runOnlyForDeploymentPostprocessing = 0;
		};
		OBJ_86 /* Sources */ = {
			isa = PBXSourcesBuildPhase;
			buildActionMask = 0;
			files = (
				OBJ_87 /* Case.swift in Sources */,
				OBJ_88 /* Context.swift in Sources */,
				OBJ_89 /* Expectation.swift in Sources */,
				OBJ_90 /* Failure.swift in Sources */,
				OBJ_91 /* Global.swift in Sources */,
				OBJ_92 /* GlobalContext.swift in Sources */,
				OBJ_93 /* Reporter.swift in Sources */,
				OBJ_94 /* Reporters.swift in Sources */,
			);
			runOnlyForDeploymentPostprocessing = 0;
		};
/* End PBXSourcesBuildPhase section */

/* Begin PBXTargetDependency section */
		OBJ_104 /* PBXTargetDependency */ = {
			isa = PBXTargetDependency;
			target = OBJ_82 /* Spectre */;
			targetProxy = 7388CE861EEE7A4F000C4FF5 /* PBXContainerItemProxy */;
		};
		OBJ_117 /* PBXTargetDependency */ = {
			isa = PBXTargetDependency;
			target = OBJ_56 /* CommandLineKit */;
			targetProxy = 7388CE871EEE7A4F000C4FF5 /* PBXContainerItemProxy */;
		};
		OBJ_118 /* PBXTargetDependency */ = {
			isa = PBXTargetDependency;
			target = OBJ_65 /* Rainbow */;
			targetProxy = 7388CE881EEE7A4F000C4FF5 /* PBXContainerItemProxy */;
		};
		OBJ_119 /* PBXTargetDependency */ = {
			isa = PBXTargetDependency;
			target = OBJ_82 /* Spectre */;
			targetProxy = 7388CE891EEE7A4F000C4FF5 /* PBXContainerItemProxy */;
		};
		OBJ_120 /* PBXTargetDependency */ = {
			isa = PBXTargetDependency;
			target = OBJ_96 /* PathKit */;
			targetProxy = 7388CE8A1EEE7A4F000C4FF5 /* PBXContainerItemProxy */;
		};
		OBJ_121 /* PBXTargetDependency */ = {
			isa = PBXTargetDependency;
			target = OBJ_122 /* ArchiveKit */;
			targetProxy = 7388CE8B1EEE7A4F000C4FF5 /* PBXContainerItemProxy */;
		};
		OBJ_136 /* PBXTargetDependency */ = {
			isa = PBXTargetDependency;
			target = OBJ_56 /* CommandLineKit */;
			targetProxy = 7388CE8C1EEE7A4F000C4FF5 /* PBXContainerItemProxy */;
		};
		OBJ_137 /* PBXTargetDependency */ = {
			isa = PBXTargetDependency;
			target = OBJ_65 /* Rainbow */;
			targetProxy = 7388CE8D1EEE7A4F000C4FF5 /* PBXContainerItemProxy */;
		};
		OBJ_138 /* PBXTargetDependency */ = {
			isa = PBXTargetDependency;
			target = OBJ_82 /* Spectre */;
			targetProxy = 7388CE8E1EEE7A4F000C4FF5 /* PBXContainerItemProxy */;
		};
		OBJ_139 /* PBXTargetDependency */ = {
			isa = PBXTargetDependency;
			target = OBJ_96 /* PathKit */;
			targetProxy = 7388CE8F1EEE7A4F000C4FF5 /* PBXContainerItemProxy */;
		};
		OBJ_153 /* PBXTargetDependency */ = {
			isa = PBXTargetDependency;
			target = OBJ_56 /* CommandLineKit */;
			targetProxy = 7388CE901EEE7A4F000C4FF5 /* PBXContainerItemProxy */;
		};
		OBJ_154 /* PBXTargetDependency */ = {
			isa = PBXTargetDependency;
			target = OBJ_65 /* Rainbow */;
			targetProxy = 7388CE911EEE7A4F000C4FF5 /* PBXContainerItemProxy */;
		};
		OBJ_155 /* PBXTargetDependency */ = {
			isa = PBXTargetDependency;
			target = OBJ_82 /* Spectre */;
			targetProxy = 7388CE921EEE7A4F000C4FF5 /* PBXContainerItemProxy */;
		};
		OBJ_156 /* PBXTargetDependency */ = {
			isa = PBXTargetDependency;
			target = OBJ_96 /* PathKit */;
			targetProxy = 7388CE931EEE7A4F000C4FF5 /* PBXContainerItemProxy */;
		};
		OBJ_157 /* PBXTargetDependency */ = {
			isa = PBXTargetDependency;
			target = OBJ_122 /* ArchiveKit */;
			targetProxy = 7388CE941EEE7A4F000C4FF5 /* PBXContainerItemProxy */;
		};
		OBJ_158 /* PBXTargetDependency */ = {
			isa = PBXTargetDependency;
			target = OBJ_105 /* ArchiveTool */;
			targetProxy = 7388CE951EEE7A4F000C4FF5 /* PBXContainerItemProxy */;
		};
/* End PBXTargetDependency section */

/* Begin XCBuildConfiguration section */
		OBJ_107 /* Debug */ = {
			isa = XCBuildConfiguration;
			buildSettings = {
				FRAMEWORK_SEARCH_PATHS = (
					"$(inherited)",
					"$(PLATFORM_DIR)/Developer/Library/Frameworks",
				);
				HEADER_SEARCH_PATHS = "$(inherited)";
				INFOPLIST_FILE = GYArchiveTool.xcodeproj/ArchiveTool_Info.plist;
				LD_RUNPATH_SEARCH_PATHS = "$(TOOLCHAIN_DIR)/usr/lib/swift/macosx @executable_path";
				OTHER_LDFLAGS = "$(inherited)";
				OTHER_SWIFT_FLAGS = "$(inherited)";
				SWIFT_FORCE_DYNAMIC_LINK_STDLIB = YES;
				SWIFT_FORCE_STATIC_LINK_STDLIB = NO;
				TARGET_NAME = ArchiveTool;
			};
			name = Debug;
		};
		OBJ_108 /* Release */ = {
			isa = XCBuildConfiguration;
			buildSettings = {
				FRAMEWORK_SEARCH_PATHS = (
					"$(inherited)",
					"$(PLATFORM_DIR)/Developer/Library/Frameworks",
				);
				HEADER_SEARCH_PATHS = "$(inherited)";
				INFOPLIST_FILE = GYArchiveTool.xcodeproj/ArchiveTool_Info.plist;
				LD_RUNPATH_SEARCH_PATHS = "$(TOOLCHAIN_DIR)/usr/lib/swift/macosx @executable_path";
				OTHER_LDFLAGS = "$(inherited)";
				OTHER_SWIFT_FLAGS = "$(inherited)";
				SWIFT_FORCE_DYNAMIC_LINK_STDLIB = YES;
				SWIFT_FORCE_STATIC_LINK_STDLIB = NO;
				TARGET_NAME = ArchiveTool;
			};
			name = Release;
		};
		OBJ_124 /* Debug */ = {
			isa = XCBuildConfiguration;
			buildSettings = {
				ENABLE_TESTABILITY = YES;
				FRAMEWORK_SEARCH_PATHS = (
					"$(inherited)",
					"$(PLATFORM_DIR)/Developer/Library/Frameworks",
				);
				HEADER_SEARCH_PATHS = "$(inherited)";
				INFOPLIST_FILE = GYArchiveTool.xcodeproj/ArchiveKit_Info.plist;
				LD_RUNPATH_SEARCH_PATHS = "$(TOOLCHAIN_DIR)/usr/lib/swift/macosx";
				OTHER_LDFLAGS = "$(inherited)";
				OTHER_SWIFT_FLAGS = "$(inherited)";
				PRODUCT_BUNDLE_IDENTIFIER = ArchiveKit;
				PRODUCT_MODULE_NAME = "$(TARGET_NAME:c99extidentifier)";
				PRODUCT_NAME = "$(TARGET_NAME:c99extidentifier)";
				SKIP_INSTALL = YES;
				TARGET_NAME = ArchiveKit;
			};
			name = Debug;
		};
		OBJ_125 /* Release */ = {
			isa = XCBuildConfiguration;
			buildSettings = {
				ENABLE_TESTABILITY = YES;
				FRAMEWORK_SEARCH_PATHS = (
					"$(inherited)",
					"$(PLATFORM_DIR)/Developer/Library/Frameworks",
				);
				HEADER_SEARCH_PATHS = "$(inherited)";
				INFOPLIST_FILE = GYArchiveTool.xcodeproj/ArchiveKit_Info.plist;
				LD_RUNPATH_SEARCH_PATHS = "$(TOOLCHAIN_DIR)/usr/lib/swift/macosx";
				OTHER_LDFLAGS = "$(inherited)";
				OTHER_SWIFT_FLAGS = "$(inherited)";
				PRODUCT_BUNDLE_IDENTIFIER = ArchiveKit;
				PRODUCT_MODULE_NAME = "$(TARGET_NAME:c99extidentifier)";
				PRODUCT_NAME = "$(TARGET_NAME:c99extidentifier)";
				SKIP_INSTALL = YES;
				TARGET_NAME = ArchiveKit;
			};
			name = Release;
		};
		OBJ_142 /* Debug */ = {
			isa = XCBuildConfiguration;
			buildSettings = {
				EMBEDDED_CONTENT_CONTAINS_SWIFT = YES;
				FRAMEWORK_SEARCH_PATHS = (
					"$(inherited)",
					"$(PLATFORM_DIR)/Developer/Library/Frameworks",
				);
				HEADER_SEARCH_PATHS = "$(inherited)";
				INFOPLIST_FILE = GYArchiveTool.xcodeproj/ArchiveToolTests_Info.plist;
				LD_RUNPATH_SEARCH_PATHS = "@loader_path/../Frameworks @loader_path/Frameworks";
				OTHER_LDFLAGS = "$(inherited)";
				OTHER_SWIFT_FLAGS = "$(inherited)";
				TARGET_NAME = ArchiveToolTests;
			};
			name = Debug;
		};
		OBJ_143 /* Release */ = {
			isa = XCBuildConfiguration;
			buildSettings = {
				EMBEDDED_CONTENT_CONTAINS_SWIFT = YES;
				FRAMEWORK_SEARCH_PATHS = (
					"$(inherited)",
					"$(PLATFORM_DIR)/Developer/Library/Frameworks",
				);
				HEADER_SEARCH_PATHS = "$(inherited)";
				INFOPLIST_FILE = GYArchiveTool.xcodeproj/ArchiveToolTests_Info.plist;
				LD_RUNPATH_SEARCH_PATHS = "@loader_path/../Frameworks @loader_path/Frameworks";
				OTHER_LDFLAGS = "$(inherited)";
				OTHER_SWIFT_FLAGS = "$(inherited)";
				TARGET_NAME = ArchiveToolTests;
			};
			name = Release;
		};
		OBJ_3 /* Debug */ = {
			isa = XCBuildConfiguration;
			buildSettings = {
				CLANG_ENABLE_OBJC_ARC = YES;
				COMBINE_HIDPI_IMAGES = YES;
				COPY_PHASE_STRIP = NO;
				DEBUG_INFORMATION_FORMAT = dwarf;
				DYLIB_INSTALL_NAME_BASE = "@rpath";
				ENABLE_NS_ASSERTIONS = YES;
				GCC_OPTIMIZATION_LEVEL = 0;
				MACOSX_DEPLOYMENT_TARGET = 10.10;
				ONLY_ACTIVE_ARCH = YES;
				OTHER_SWIFT_FLAGS = "-DXcode";
				PRODUCT_NAME = "$(TARGET_NAME)";
				SDKROOT = macosx;
				SUPPORTED_PLATFORMS = "macosx iphoneos iphonesimulator appletvos appletvsimulator watchos watchsimulator";
				SWIFT_ACTIVE_COMPILATION_CONDITIONS = SWIFT_PACKAGE;
				SWIFT_OPTIMIZATION_LEVEL = "-Onone";
				SWIFT_VERSION = 3.0;
				USE_HEADERMAP = NO;
			};
			name = Debug;
		};
		OBJ_4 /* Release */ = {
			isa = XCBuildConfiguration;
			buildSettings = {
				CLANG_ENABLE_OBJC_ARC = YES;
				COMBINE_HIDPI_IMAGES = YES;
				COPY_PHASE_STRIP = YES;
				DEBUG_INFORMATION_FORMAT = "dwarf-with-dsym";
				DYLIB_INSTALL_NAME_BASE = "@rpath";
				GCC_OPTIMIZATION_LEVEL = s;
				MACOSX_DEPLOYMENT_TARGET = 10.10;
				OTHER_SWIFT_FLAGS = "-DXcode";
				PRODUCT_NAME = "$(TARGET_NAME)";
				SDKROOT = macosx;
				SUPPORTED_PLATFORMS = "macosx iphoneos iphonesimulator appletvos appletvsimulator watchos watchsimulator";
				SWIFT_ACTIVE_COMPILATION_CONDITIONS = SWIFT_PACKAGE;
				SWIFT_OPTIMIZATION_LEVEL = "-Owholemodule";
				SWIFT_VERSION = 3.0;
				USE_HEADERMAP = NO;
			};
			name = Release;
		};
		OBJ_58 /* Debug */ = {
			isa = XCBuildConfiguration;
			buildSettings = {
				ENABLE_TESTABILITY = YES;
				FRAMEWORK_SEARCH_PATHS = (
					"$(inherited)",
					"$(PLATFORM_DIR)/Developer/Library/Frameworks",
				);
				HEADER_SEARCH_PATHS = "$(inherited)";
				INFOPLIST_FILE = GYArchiveTool.xcodeproj/CommandLineKit_Info.plist;
				LD_RUNPATH_SEARCH_PATHS = "$(TOOLCHAIN_DIR)/usr/lib/swift/macosx";
				OTHER_LDFLAGS = "$(inherited)";
				OTHER_SWIFT_FLAGS = "$(inherited)";
				PRODUCT_BUNDLE_IDENTIFIER = CommandLineKit;
				PRODUCT_MODULE_NAME = "$(TARGET_NAME:c99extidentifier)";
				PRODUCT_NAME = "$(TARGET_NAME:c99extidentifier)";
				SKIP_INSTALL = YES;
				TARGET_NAME = CommandLineKit;
			};
			name = Debug;
		};
		OBJ_59 /* Release */ = {
			isa = XCBuildConfiguration;
			buildSettings = {
				ENABLE_TESTABILITY = YES;
				FRAMEWORK_SEARCH_PATHS = (
					"$(inherited)",
					"$(PLATFORM_DIR)/Developer/Library/Frameworks",
				);
				HEADER_SEARCH_PATHS = "$(inherited)";
				INFOPLIST_FILE = GYArchiveTool.xcodeproj/CommandLineKit_Info.plist;
				LD_RUNPATH_SEARCH_PATHS = "$(TOOLCHAIN_DIR)/usr/lib/swift/macosx";
				OTHER_LDFLAGS = "$(inherited)";
				OTHER_SWIFT_FLAGS = "$(inherited)";
				PRODUCT_BUNDLE_IDENTIFIER = CommandLineKit;
				PRODUCT_MODULE_NAME = "$(TARGET_NAME:c99extidentifier)";
				PRODUCT_NAME = "$(TARGET_NAME:c99extidentifier)";
				SKIP_INSTALL = YES;
				TARGET_NAME = CommandLineKit;
			};
			name = Release;
		};
		OBJ_67 /* Debug */ = {
			isa = XCBuildConfiguration;
			buildSettings = {
				ENABLE_TESTABILITY = YES;
				FRAMEWORK_SEARCH_PATHS = (
					"$(inherited)",
					"$(PLATFORM_DIR)/Developer/Library/Frameworks",
				);
				HEADER_SEARCH_PATHS = "$(inherited)";
				INFOPLIST_FILE = GYArchiveTool.xcodeproj/Rainbow_Info.plist;
				LD_RUNPATH_SEARCH_PATHS = "$(TOOLCHAIN_DIR)/usr/lib/swift/macosx";
				OTHER_LDFLAGS = "$(inherited)";
				OTHER_SWIFT_FLAGS = "$(inherited)";
				PRODUCT_BUNDLE_IDENTIFIER = Rainbow;
				PRODUCT_MODULE_NAME = "$(TARGET_NAME:c99extidentifier)";
				PRODUCT_NAME = "$(TARGET_NAME:c99extidentifier)";
				SKIP_INSTALL = YES;
				TARGET_NAME = Rainbow;
			};
			name = Debug;
		};
		OBJ_68 /* Release */ = {
			isa = XCBuildConfiguration;
			buildSettings = {
				ENABLE_TESTABILITY = YES;
				FRAMEWORK_SEARCH_PATHS = (
					"$(inherited)",
					"$(PLATFORM_DIR)/Developer/Library/Frameworks",
				);
				HEADER_SEARCH_PATHS = "$(inherited)";
				INFOPLIST_FILE = GYArchiveTool.xcodeproj/Rainbow_Info.plist;
				LD_RUNPATH_SEARCH_PATHS = "$(TOOLCHAIN_DIR)/usr/lib/swift/macosx";
				OTHER_LDFLAGS = "$(inherited)";
				OTHER_SWIFT_FLAGS = "$(inherited)";
				PRODUCT_BUNDLE_IDENTIFIER = Rainbow;
				PRODUCT_MODULE_NAME = "$(TARGET_NAME:c99extidentifier)";
				PRODUCT_NAME = "$(TARGET_NAME:c99extidentifier)";
				SKIP_INSTALL = YES;
				TARGET_NAME = Rainbow;
			};
			name = Release;
		};
		OBJ_84 /* Debug */ = {
			isa = XCBuildConfiguration;
			buildSettings = {
				ENABLE_TESTABILITY = YES;
				FRAMEWORK_SEARCH_PATHS = (
					"$(inherited)",
					"$(PLATFORM_DIR)/Developer/Library/Frameworks",
				);
				HEADER_SEARCH_PATHS = "$(inherited)";
				INFOPLIST_FILE = GYArchiveTool.xcodeproj/Spectre_Info.plist;
				LD_RUNPATH_SEARCH_PATHS = "$(TOOLCHAIN_DIR)/usr/lib/swift/macosx";
				OTHER_LDFLAGS = "$(inherited)";
				OTHER_SWIFT_FLAGS = "$(inherited)";
				PRODUCT_BUNDLE_IDENTIFIER = Spectre;
				PRODUCT_MODULE_NAME = "$(TARGET_NAME:c99extidentifier)";
				PRODUCT_NAME = "$(TARGET_NAME:c99extidentifier)";
				SKIP_INSTALL = YES;
				TARGET_NAME = Spectre;
			};
			name = Debug;
		};
		OBJ_85 /* Release */ = {
			isa = XCBuildConfiguration;
			buildSettings = {
				ENABLE_TESTABILITY = YES;
				FRAMEWORK_SEARCH_PATHS = (
					"$(inherited)",
					"$(PLATFORM_DIR)/Developer/Library/Frameworks",
				);
				HEADER_SEARCH_PATHS = "$(inherited)";
				INFOPLIST_FILE = GYArchiveTool.xcodeproj/Spectre_Info.plist;
				LD_RUNPATH_SEARCH_PATHS = "$(TOOLCHAIN_DIR)/usr/lib/swift/macosx";
				OTHER_LDFLAGS = "$(inherited)";
				OTHER_SWIFT_FLAGS = "$(inherited)";
				PRODUCT_BUNDLE_IDENTIFIER = Spectre;
				PRODUCT_MODULE_NAME = "$(TARGET_NAME:c99extidentifier)";
				PRODUCT_NAME = "$(TARGET_NAME:c99extidentifier)";
				SKIP_INSTALL = YES;
				TARGET_NAME = Spectre;
			};
			name = Release;
		};
		OBJ_98 /* Debug */ = {
			isa = XCBuildConfiguration;
			buildSettings = {
				ENABLE_TESTABILITY = YES;
				FRAMEWORK_SEARCH_PATHS = (
					"$(inherited)",
					"$(PLATFORM_DIR)/Developer/Library/Frameworks",
				);
				HEADER_SEARCH_PATHS = "$(inherited)";
				INFOPLIST_FILE = GYArchiveTool.xcodeproj/PathKit_Info.plist;
				LD_RUNPATH_SEARCH_PATHS = "$(TOOLCHAIN_DIR)/usr/lib/swift/macosx";
				OTHER_LDFLAGS = "$(inherited)";
				OTHER_SWIFT_FLAGS = "$(inherited)";
				PRODUCT_BUNDLE_IDENTIFIER = PathKit;
				PRODUCT_MODULE_NAME = "$(TARGET_NAME:c99extidentifier)";
				PRODUCT_NAME = "$(TARGET_NAME:c99extidentifier)";
				SKIP_INSTALL = YES;
				TARGET_NAME = PathKit;
			};
			name = Debug;
		};
		OBJ_99 /* Release */ = {
			isa = XCBuildConfiguration;
			buildSettings = {
				ENABLE_TESTABILITY = YES;
				FRAMEWORK_SEARCH_PATHS = (
					"$(inherited)",
					"$(PLATFORM_DIR)/Developer/Library/Frameworks",
				);
				HEADER_SEARCH_PATHS = "$(inherited)";
				INFOPLIST_FILE = GYArchiveTool.xcodeproj/PathKit_Info.plist;
				LD_RUNPATH_SEARCH_PATHS = "$(TOOLCHAIN_DIR)/usr/lib/swift/macosx";
				OTHER_LDFLAGS = "$(inherited)";
				OTHER_SWIFT_FLAGS = "$(inherited)";
				PRODUCT_BUNDLE_IDENTIFIER = PathKit;
				PRODUCT_MODULE_NAME = "$(TARGET_NAME:c99extidentifier)";
				PRODUCT_NAME = "$(TARGET_NAME:c99extidentifier)";
				SKIP_INSTALL = YES;
				TARGET_NAME = PathKit;
			};
			name = Release;
		};
/* End XCBuildConfiguration section */

/* Begin XCConfigurationList section */
		OBJ_106 /* Build configuration list for PBXNativeTarget "ArchiveTool" */ = {
			isa = XCConfigurationList;
			buildConfigurations = (
				OBJ_107 /* Debug */,
				OBJ_108 /* Release */,
			);
			defaultConfigurationIsVisible = 0;
			defaultConfigurationName = Debug;
		};
		OBJ_123 /* Build configuration list for PBXNativeTarget "ArchiveKit" */ = {
			isa = XCConfigurationList;
			buildConfigurations = (
				OBJ_124 /* Debug */,
				OBJ_125 /* Release */,
			);
			defaultConfigurationIsVisible = 0;
			defaultConfigurationName = Debug;
		};
		OBJ_141 /* Build configuration list for PBXNativeTarget "ArchiveToolTests" */ = {
			isa = XCConfigurationList;
			buildConfigurations = (
				OBJ_142 /* Debug */,
				OBJ_143 /* Release */,
			);
			defaultConfigurationIsVisible = 0;
			defaultConfigurationName = Debug;
		};
		OBJ_2 /* Build configuration list for PBXProject "GYArchiveTool" */ = {
			isa = XCConfigurationList;
			buildConfigurations = (
				OBJ_3 /* Debug */,
				OBJ_4 /* Release */,
			);
			defaultConfigurationIsVisible = 0;
			defaultConfigurationName = Debug;
		};
		OBJ_57 /* Build configuration list for PBXNativeTarget "CommandLineKit" */ = {
			isa = XCConfigurationList;
			buildConfigurations = (
				OBJ_58 /* Debug */,
				OBJ_59 /* Release */,
			);
			defaultConfigurationIsVisible = 0;
			defaultConfigurationName = Debug;
		};
		OBJ_66 /* Build configuration list for PBXNativeTarget "Rainbow" */ = {
			isa = XCConfigurationList;
			buildConfigurations = (
				OBJ_67 /* Debug */,
				OBJ_68 /* Release */,
			);
			defaultConfigurationIsVisible = 0;
			defaultConfigurationName = Debug;
		};
		OBJ_83 /* Build configuration list for PBXNativeTarget "Spectre" */ = {
			isa = XCConfigurationList;
			buildConfigurations = (
				OBJ_84 /* Debug */,
				OBJ_85 /* Release */,
			);
			defaultConfigurationIsVisible = 0;
			defaultConfigurationName = Debug;
		};
		OBJ_97 /* Build configuration list for PBXNativeTarget "PathKit" */ = {
			isa = XCConfigurationList;
			buildConfigurations = (
				OBJ_98 /* Debug */,
				OBJ_99 /* Release */,
			);
			defaultConfigurationIsVisible = 0;
			defaultConfigurationName = Debug;
		};
/* End XCConfigurationList section */
	};
	rootObject = OBJ_1 /* Project object */;
}
