// !$*UTF8*$!
{
	archiveVersion = 1;
	classes = {
	};
	objectVersion = 46;
	objects = {

/* Begin PBXBuildFile section */
		73F807121EE9689A000ED878 /* FileProcess.swift in Sources */ = {isa = PBXBuildFile; fileRef = 73F807111EE9689A000ED878 /* FileProcess.swift */; };
		OBJ_101 /* Spectre.framework in Frameworks */ = {isa = PBXBuildFile; fileRef = OBJ_49 /* Spectre.framework */; };
		OBJ_108 /* Extensions.swift in Sources */ = {isa = PBXBuildFile; fileRef = OBJ_9 /* Extensions.swift */; };
		OBJ_109 /* GYArchiveKit.swift in Sources */ = {isa = PBXBuildFile; fileRef = OBJ_10 /* GYArchiveKit.swift */; };
		OBJ_111 /* CommandLineKit.framework in Frameworks */ = {isa = PBXBuildFile; fileRef = OBJ_47 /* CommandLineKit.framework */; };
		OBJ_112 /* Rainbow.framework in Frameworks */ = {isa = PBXBuildFile; fileRef = OBJ_48 /* Rainbow.framework */; };
		OBJ_113 /* Spectre.framework in Frameworks */ = {isa = PBXBuildFile; fileRef = OBJ_49 /* Spectre.framework */; };
		OBJ_114 /* PathKit.framework in Frameworks */ = {isa = PBXBuildFile; fileRef = OBJ_50 /* PathKit.framework */; };
		OBJ_124 /* main.swift in Sources */ = {isa = PBXBuildFile; fileRef = OBJ_12 /* main.swift */; };
		OBJ_126 /* CommandLineKit.framework in Frameworks */ = {isa = PBXBuildFile; fileRef = OBJ_47 /* CommandLineKit.framework */; };
		OBJ_127 /* Rainbow.framework in Frameworks */ = {isa = PBXBuildFile; fileRef = OBJ_48 /* Rainbow.framework */; };
		OBJ_128 /* Spectre.framework in Frameworks */ = {isa = PBXBuildFile; fileRef = OBJ_49 /* Spectre.framework */; };
		OBJ_129 /* PathKit.framework in Frameworks */ = {isa = PBXBuildFile; fileRef = OBJ_50 /* PathKit.framework */; };
		OBJ_130 /* GYArchiveKit.framework in Frameworks */ = {isa = PBXBuildFile; fileRef = OBJ_51 /* GYArchiveKit.framework */; };
		OBJ_141 /* GYArchiveKitSpec.swift in Sources */ = {isa = PBXBuildFile; fileRef = OBJ_15 /* GYArchiveKitSpec.swift */; };
		OBJ_142 /* GYArchiveKitTests.swift in Sources */ = {isa = PBXBuildFile; fileRef = OBJ_16 /* GYArchiveKitTests.swift */; };
		OBJ_144 /* CommandLineKit.framework in Frameworks */ = {isa = PBXBuildFile; fileRef = OBJ_47 /* CommandLineKit.framework */; };
		OBJ_145 /* Rainbow.framework in Frameworks */ = {isa = PBXBuildFile; fileRef = OBJ_48 /* Rainbow.framework */; };
		OBJ_146 /* Spectre.framework in Frameworks */ = {isa = PBXBuildFile; fileRef = OBJ_49 /* Spectre.framework */; };
		OBJ_147 /* PathKit.framework in Frameworks */ = {isa = PBXBuildFile; fileRef = OBJ_50 /* PathKit.framework */; };
		OBJ_148 /* GYArchiveKit.framework in Frameworks */ = {isa = PBXBuildFile; fileRef = OBJ_51 /* GYArchiveKit.framework */; };
		OBJ_59 /* CommandLine.swift in Sources */ = {isa = PBXBuildFile; fileRef = OBJ_43 /* CommandLine.swift */; };
		OBJ_60 /* Option.swift in Sources */ = {isa = PBXBuildFile; fileRef = OBJ_44 /* Option.swift */; };
		OBJ_61 /* StringExtensions.swift in Sources */ = {isa = PBXBuildFile; fileRef = OBJ_45 /* StringExtensions.swift */; };
		OBJ_68 /* BackgroundColor.swift in Sources */ = {isa = PBXBuildFile; fileRef = OBJ_30 /* BackgroundColor.swift */; };
		OBJ_69 /* CodesParser.swift in Sources */ = {isa = PBXBuildFile; fileRef = OBJ_31 /* CodesParser.swift */; };
		OBJ_70 /* Color.swift in Sources */ = {isa = PBXBuildFile; fileRef = OBJ_32 /* Color.swift */; };
		OBJ_71 /* ControlCode.swift in Sources */ = {isa = PBXBuildFile; fileRef = OBJ_33 /* ControlCode.swift */; };
		OBJ_72 /* ModesExtractor.swift in Sources */ = {isa = PBXBuildFile; fileRef = OBJ_34 /* ModesExtractor.swift */; };
		OBJ_73 /* OutputTarget.swift in Sources */ = {isa = PBXBuildFile; fileRef = OBJ_35 /* OutputTarget.swift */; };
		OBJ_74 /* Rainbow.swift in Sources */ = {isa = PBXBuildFile; fileRef = OBJ_36 /* Rainbow.swift */; };
		OBJ_75 /* String+Rainbow.swift in Sources */ = {isa = PBXBuildFile; fileRef = OBJ_37 /* String+Rainbow.swift */; };
		OBJ_76 /* StringGenerator.swift in Sources */ = {isa = PBXBuildFile; fileRef = OBJ_38 /* StringGenerator.swift */; };
		OBJ_77 /* Style.swift in Sources */ = {isa = PBXBuildFile; fileRef = OBJ_39 /* Style.swift */; };
		OBJ_78 /* XcodeColorsSupport.swift in Sources */ = {isa = PBXBuildFile; fileRef = OBJ_40 /* XcodeColorsSupport.swift */; };
		OBJ_85 /* Case.swift in Sources */ = {isa = PBXBuildFile; fileRef = OBJ_21 /* Case.swift */; };
		OBJ_86 /* Context.swift in Sources */ = {isa = PBXBuildFile; fileRef = OBJ_22 /* Context.swift */; };
		OBJ_87 /* Expectation.swift in Sources */ = {isa = PBXBuildFile; fileRef = OBJ_23 /* Expectation.swift */; };
		OBJ_88 /* Failure.swift in Sources */ = {isa = PBXBuildFile; fileRef = OBJ_24 /* Failure.swift */; };
		OBJ_89 /* Global.swift in Sources */ = {isa = PBXBuildFile; fileRef = OBJ_25 /* Global.swift */; };
		OBJ_90 /* GlobalContext.swift in Sources */ = {isa = PBXBuildFile; fileRef = OBJ_26 /* GlobalContext.swift */; };
		OBJ_91 /* Reporter.swift in Sources */ = {isa = PBXBuildFile; fileRef = OBJ_27 /* Reporter.swift */; };
		OBJ_92 /* Reporters.swift in Sources */ = {isa = PBXBuildFile; fileRef = OBJ_28 /* Reporters.swift */; };
		OBJ_99 /* PathKit.swift in Sources */ = {isa = PBXBuildFile; fileRef = OBJ_19 /* PathKit.swift */; };
/* End PBXBuildFile section */

/* Begin PBXContainerItemProxy section */
		73F807001EE93AE4000ED878 /* PBXContainerItemProxy */ = {
			isa = PBXContainerItemProxy;
			containerPortal = OBJ_1 /* Project object */;
			proxyType = 1;
			remoteGlobalIDString = OBJ_80;
			remoteInfo = Spectre;
		};
		73F807011EE93AE4000ED878 /* PBXContainerItemProxy */ = {
			isa = PBXContainerItemProxy;
			containerPortal = OBJ_1 /* Project object */;
			proxyType = 1;
			remoteGlobalIDString = OBJ_54;
			remoteInfo = CommandLineKit;
		};
		73F807021EE93AE4000ED878 /* PBXContainerItemProxy */ = {
			isa = PBXContainerItemProxy;
			containerPortal = OBJ_1 /* Project object */;
			proxyType = 1;
			remoteGlobalIDString = OBJ_63;
			remoteInfo = Rainbow;
		};
		73F807031EE93AE4000ED878 /* PBXContainerItemProxy */ = {
			isa = PBXContainerItemProxy;
			containerPortal = OBJ_1 /* Project object */;
			proxyType = 1;
			remoteGlobalIDString = OBJ_80;
			remoteInfo = Spectre;
		};
		73F807041EE93AE4000ED878 /* PBXContainerItemProxy */ = {
			isa = PBXContainerItemProxy;
			containerPortal = OBJ_1 /* Project object */;
			proxyType = 1;
			remoteGlobalIDString = OBJ_94;
			remoteInfo = PathKit;
		};
		73F807051EE93AE4000ED878 /* PBXContainerItemProxy */ = {
			isa = PBXContainerItemProxy;
			containerPortal = OBJ_1 /* Project object */;
			proxyType = 1;
			remoteGlobalIDString = OBJ_54;
			remoteInfo = CommandLineKit;
		};
		73F807061EE93AE4000ED878 /* PBXContainerItemProxy */ = {
			isa = PBXContainerItemProxy;
			containerPortal = OBJ_1 /* Project object */;
			proxyType = 1;
			remoteGlobalIDString = OBJ_63;
			remoteInfo = Rainbow;
		};
		73F807071EE93AE4000ED878 /* PBXContainerItemProxy */ = {
			isa = PBXContainerItemProxy;
			containerPortal = OBJ_1 /* Project object */;
			proxyType = 1;
			remoteGlobalIDString = OBJ_80;
			remoteInfo = Spectre;
		};
		73F807081EE93AE4000ED878 /* PBXContainerItemProxy */ = {
			isa = PBXContainerItemProxy;
			containerPortal = OBJ_1 /* Project object */;
			proxyType = 1;
			remoteGlobalIDString = OBJ_94;
			remoteInfo = PathKit;
		};
		73F807091EE93AE4000ED878 /* PBXContainerItemProxy */ = {
			isa = PBXContainerItemProxy;
			containerPortal = OBJ_1 /* Project object */;
			proxyType = 1;
			remoteGlobalIDString = OBJ_103;
			remoteInfo = GYArchiveKit;
		};
		73F8070A1EE93AE4000ED878 /* PBXContainerItemProxy */ = {
			isa = PBXContainerItemProxy;
			containerPortal = OBJ_1 /* Project object */;
			proxyType = 1;
			remoteGlobalIDString = OBJ_54;
			remoteInfo = CommandLineKit;
		};
		73F8070B1EE93AE4000ED878 /* PBXContainerItemProxy */ = {
			isa = PBXContainerItemProxy;
			containerPortal = OBJ_1 /* Project object */;
			proxyType = 1;
			remoteGlobalIDString = OBJ_63;
			remoteInfo = Rainbow;
		};
		73F8070C1EE93AE4000ED878 /* PBXContainerItemProxy */ = {
			isa = PBXContainerItemProxy;
			containerPortal = OBJ_1 /* Project object */;
			proxyType = 1;
			remoteGlobalIDString = OBJ_80;
			remoteInfo = Spectre;
		};
		73F8070D1EE93AE4000ED878 /* PBXContainerItemProxy */ = {
			isa = PBXContainerItemProxy;
			containerPortal = OBJ_1 /* Project object */;
			proxyType = 1;
			remoteGlobalIDString = OBJ_94;
			remoteInfo = PathKit;
		};
		73F8070E1EE93AE4000ED878 /* PBXContainerItemProxy */ = {
			isa = PBXContainerItemProxy;
			containerPortal = OBJ_1 /* Project object */;
			proxyType = 1;
			remoteGlobalIDString = OBJ_103;
			remoteInfo = GYArchiveKit;
		};
		73F8070F1EE93AE4000ED878 /* PBXContainerItemProxy */ = {
			isa = PBXContainerItemProxy;
			containerPortal = OBJ_1 /* Project object */;
			proxyType = 1;
			remoteGlobalIDString = OBJ_119;
			remoteInfo = GYArchiveTool;
		};
/* End PBXContainerItemProxy section */

/* Begin PBXFileReference section */
		73F807111EE9689A000ED878 /* FileProcess.swift */ = {isa = PBXFileReference; fileEncoding = 4; lastKnownFileType = sourcecode.swift; path = FileProcess.swift; sourceTree = "<group>"; };
		OBJ_10 /* GYArchiveKit.swift */ = {isa = PBXFileReference; lastKnownFileType = sourcecode.swift; path = GYArchiveKit.swift; sourceTree = "<group>"; };
		OBJ_12 /* main.swift */ = {isa = PBXFileReference; lastKnownFileType = sourcecode.swift; path = main.swift; sourceTree = "<group>"; };
		OBJ_15 /* GYArchiveKitSpec.swift */ = {isa = PBXFileReference; lastKnownFileType = sourcecode.swift; path = GYArchiveKitSpec.swift; sourceTree = "<group>"; };
		OBJ_16 /* GYArchiveKitTests.swift */ = {isa = PBXFileReference; lastKnownFileType = sourcecode.swift; path = GYArchiveKitTests.swift; sourceTree = "<group>"; };
		OBJ_19 /* PathKit.swift */ = {isa = PBXFileReference; lastKnownFileType = sourcecode.swift; path = PathKit.swift; sourceTree = "<group>"; };
		OBJ_21 /* Case.swift */ = {isa = PBXFileReference; lastKnownFileType = sourcecode.swift; path = Case.swift; sourceTree = "<group>"; };
		OBJ_22 /* Context.swift */ = {isa = PBXFileReference; lastKnownFileType = sourcecode.swift; path = Context.swift; sourceTree = "<group>"; };
		OBJ_23 /* Expectation.swift */ = {isa = PBXFileReference; lastKnownFileType = sourcecode.swift; path = Expectation.swift; sourceTree = "<group>"; };
		OBJ_24 /* Failure.swift */ = {isa = PBXFileReference; lastKnownFileType = sourcecode.swift; path = Failure.swift; sourceTree = "<group>"; };
		OBJ_25 /* Global.swift */ = {isa = PBXFileReference; lastKnownFileType = sourcecode.swift; path = Global.swift; sourceTree = "<group>"; };
		OBJ_26 /* GlobalContext.swift */ = {isa = PBXFileReference; lastKnownFileType = sourcecode.swift; path = GlobalContext.swift; sourceTree = "<group>"; };
		OBJ_27 /* Reporter.swift */ = {isa = PBXFileReference; lastKnownFileType = sourcecode.swift; path = Reporter.swift; sourceTree = "<group>"; };
		OBJ_28 /* Reporters.swift */ = {isa = PBXFileReference; lastKnownFileType = sourcecode.swift; path = Reporters.swift; sourceTree = "<group>"; };
		OBJ_30 /* BackgroundColor.swift */ = {isa = PBXFileReference; lastKnownFileType = sourcecode.swift; path = BackgroundColor.swift; sourceTree = "<group>"; };
		OBJ_31 /* CodesParser.swift */ = {isa = PBXFileReference; lastKnownFileType = sourcecode.swift; path = CodesParser.swift; sourceTree = "<group>"; };
		OBJ_32 /* Color.swift */ = {isa = PBXFileReference; lastKnownFileType = sourcecode.swift; path = Color.swift; sourceTree = "<group>"; };
		OBJ_33 /* ControlCode.swift */ = {isa = PBXFileReference; lastKnownFileType = sourcecode.swift; path = ControlCode.swift; sourceTree = "<group>"; };
		OBJ_34 /* ModesExtractor.swift */ = {isa = PBXFileReference; lastKnownFileType = sourcecode.swift; path = ModesExtractor.swift; sourceTree = "<group>"; };
		OBJ_35 /* OutputTarget.swift */ = {isa = PBXFileReference; lastKnownFileType = sourcecode.swift; path = OutputTarget.swift; sourceTree = "<group>"; };
		OBJ_36 /* Rainbow.swift */ = {isa = PBXFileReference; lastKnownFileType = sourcecode.swift; path = Rainbow.swift; sourceTree = "<group>"; };
		OBJ_37 /* String+Rainbow.swift */ = {isa = PBXFileReference; lastKnownFileType = sourcecode.swift; path = "String+Rainbow.swift"; sourceTree = "<group>"; };
		OBJ_38 /* StringGenerator.swift */ = {isa = PBXFileReference; lastKnownFileType = sourcecode.swift; path = StringGenerator.swift; sourceTree = "<group>"; };
		OBJ_39 /* Style.swift */ = {isa = PBXFileReference; lastKnownFileType = sourcecode.swift; path = Style.swift; sourceTree = "<group>"; };
		OBJ_40 /* XcodeColorsSupport.swift */ = {isa = PBXFileReference; lastKnownFileType = sourcecode.swift; path = XcodeColorsSupport.swift; sourceTree = "<group>"; };
		OBJ_43 /* CommandLine.swift */ = {isa = PBXFileReference; lastKnownFileType = sourcecode.swift; path = CommandLine.swift; sourceTree = "<group>"; };
		OBJ_44 /* Option.swift */ = {isa = PBXFileReference; lastKnownFileType = sourcecode.swift; path = Option.swift; sourceTree = "<group>"; };
		OBJ_45 /* StringExtensions.swift */ = {isa = PBXFileReference; lastKnownFileType = sourcecode.swift; path = StringExtensions.swift; sourceTree = "<group>"; };
		OBJ_47 /* CommandLineKit.framework */ = {isa = PBXFileReference; explicitFileType = wrapper.framework; path = CommandLineKit.framework; sourceTree = BUILT_PRODUCTS_DIR; };
		OBJ_48 /* Rainbow.framework */ = {isa = PBXFileReference; explicitFileType = wrapper.framework; path = Rainbow.framework; sourceTree = BUILT_PRODUCTS_DIR; };
		OBJ_49 /* Spectre.framework */ = {isa = PBXFileReference; explicitFileType = wrapper.framework; path = Spectre.framework; sourceTree = BUILT_PRODUCTS_DIR; };
		OBJ_50 /* PathKit.framework */ = {isa = PBXFileReference; explicitFileType = wrapper.framework; path = PathKit.framework; sourceTree = BUILT_PRODUCTS_DIR; };
		OBJ_51 /* GYArchiveKit.framework */ = {isa = PBXFileReference; explicitFileType = wrapper.framework; path = GYArchiveKit.framework; sourceTree = BUILT_PRODUCTS_DIR; };
		OBJ_52 /* GYArchiveTool */ = {isa = PBXFileReference; lastKnownFileType = text; path = GYArchiveTool; sourceTree = BUILT_PRODUCTS_DIR; };
		OBJ_53 /* GYArchiveToolTests.xctest */ = {isa = PBXFileReference; lastKnownFileType = file; path = GYArchiveToolTests.xctest; sourceTree = BUILT_PRODUCTS_DIR; };
		OBJ_6 /* Package.swift */ = {isa = PBXFileReference; explicitFileType = sourcecode.swift; path = Package.swift; sourceTree = "<group>"; };
		OBJ_9 /* Extensions.swift */ = {isa = PBXFileReference; lastKnownFileType = sourcecode.swift; path = Extensions.swift; sourceTree = "<group>"; };
/* End PBXFileReference section */

/* Begin PBXFrameworksBuildPhase section */
		OBJ_100 /* Frameworks */ = {
			isa = PBXFrameworksBuildPhase;
			buildActionMask = 0;
			files = (
				OBJ_101 /* Spectre.framework in Frameworks */,
			);
			runOnlyForDeploymentPostprocessing = 0;
		};
		OBJ_110 /* Frameworks */ = {
			isa = PBXFrameworksBuildPhase;
			buildActionMask = 0;
			files = (
				OBJ_111 /* CommandLineKit.framework in Frameworks */,
				OBJ_112 /* Rainbow.framework in Frameworks */,
				OBJ_113 /* Spectre.framework in Frameworks */,
				OBJ_114 /* PathKit.framework in Frameworks */,
			);
			runOnlyForDeploymentPostprocessing = 0;
		};
		OBJ_125 /* Frameworks */ = {
			isa = PBXFrameworksBuildPhase;
			buildActionMask = 0;
			files = (
				OBJ_126 /* CommandLineKit.framework in Frameworks */,
				OBJ_127 /* Rainbow.framework in Frameworks */,
				OBJ_128 /* Spectre.framework in Frameworks */,
				OBJ_129 /* PathKit.framework in Frameworks */,
				OBJ_130 /* GYArchiveKit.framework in Frameworks */,
			);
			runOnlyForDeploymentPostprocessing = 0;
		};
		OBJ_143 /* Frameworks */ = {
			isa = PBXFrameworksBuildPhase;
			buildActionMask = 0;
			files = (
				OBJ_144 /* CommandLineKit.framework in Frameworks */,
				OBJ_145 /* Rainbow.framework in Frameworks */,
				OBJ_146 /* Spectre.framework in Frameworks */,
				OBJ_147 /* PathKit.framework in Frameworks */,
				OBJ_148 /* GYArchiveKit.framework in Frameworks */,
			);
			runOnlyForDeploymentPostprocessing = 0;
		};
		OBJ_62 /* Frameworks */ = {
			isa = PBXFrameworksBuildPhase;
			buildActionMask = 0;
			files = (
			);
			runOnlyForDeploymentPostprocessing = 0;
		};
		OBJ_79 /* Frameworks */ = {
			isa = PBXFrameworksBuildPhase;
			buildActionMask = 0;
			files = (
			);
			runOnlyForDeploymentPostprocessing = 0;
		};
		OBJ_93 /* Frameworks */ = {
			isa = PBXFrameworksBuildPhase;
			buildActionMask = 0;
			files = (
			);
			runOnlyForDeploymentPostprocessing = 0;
		};
/* End PBXFrameworksBuildPhase section */

/* Begin PBXGroup section */
		OBJ_11 /* GYArchiveTool */ = {
			isa = PBXGroup;
			children = (
				OBJ_12 /* main.swift */,
			);
			name = GYArchiveTool;
			path = Sources/GYArchiveTool;
			sourceTree = SOURCE_ROOT;
		};
		OBJ_13 /* Tests */ = {
			isa = PBXGroup;
			children = (
				OBJ_14 /* GYArchiveToolTests */,
			);
			name = Tests;
			sourceTree = SOURCE_ROOT;
		};
		OBJ_14 /* GYArchiveToolTests */ = {
			isa = PBXGroup;
			children = (
				OBJ_15 /* GYArchiveKitSpec.swift */,
				OBJ_16 /* GYArchiveKitTests.swift */,
			);
			name = GYArchiveToolTests;
			path = Tests/GYArchiveToolTests;
			sourceTree = SOURCE_ROOT;
		};
		OBJ_17 /* Dependencies */ = {
			isa = PBXGroup;
			children = (
				OBJ_18 /* PathKit 0.8.0 */,
				OBJ_20 /* Spectre 0.7.2 */,
				OBJ_29 /* Rainbow 2.0.1 */,
				OBJ_41 /* CommandLine 3.0.0-pre1 */,
			);
			name = Dependencies;
			sourceTree = "<group>";
		};
		OBJ_18 /* PathKit 0.8.0 */ = {
			isa = PBXGroup;
			children = (
				OBJ_19 /* PathKit.swift */,
			);
			name = "PathKit 0.8.0";
			path = ".build/checkouts/PathKit--9185519632264250829/Sources";
			sourceTree = SOURCE_ROOT;
		};
		OBJ_20 /* Spectre 0.7.2 */ = {
			isa = PBXGroup;
			children = (
				OBJ_21 /* Case.swift */,
				OBJ_22 /* Context.swift */,
				OBJ_23 /* Expectation.swift */,
				OBJ_24 /* Failure.swift */,
				OBJ_25 /* Global.swift */,
				OBJ_26 /* GlobalContext.swift */,
				OBJ_27 /* Reporter.swift */,
				OBJ_28 /* Reporters.swift */,
			);
			name = "Spectre 0.7.2";
			path = ".build/checkouts/Spectre.git--7655155069707042687/Sources";
			sourceTree = SOURCE_ROOT;
		};
		OBJ_29 /* Rainbow 2.0.1 */ = {
			isa = PBXGroup;
			children = (
				OBJ_30 /* BackgroundColor.swift */,
				OBJ_31 /* CodesParser.swift */,
				OBJ_32 /* Color.swift */,
				OBJ_33 /* ControlCode.swift */,
				OBJ_34 /* ModesExtractor.swift */,
				OBJ_35 /* OutputTarget.swift */,
				OBJ_36 /* Rainbow.swift */,
				OBJ_37 /* String+Rainbow.swift */,
				OBJ_38 /* StringGenerator.swift */,
				OBJ_39 /* Style.swift */,
				OBJ_40 /* XcodeColorsSupport.swift */,
			);
			name = "Rainbow 2.0.1";
			path = ".build/checkouts/Rainbow-4833422609927903952/Sources";
			sourceTree = SOURCE_ROOT;
		};
		OBJ_41 /* CommandLine 3.0.0-pre1 */ = {
			isa = PBXGroup;
			children = (
				OBJ_42 /* CommandLineKit */,
			);
			name = "CommandLine 3.0.0-pre1";
			sourceTree = SOURCE_ROOT;
		};
		OBJ_42 /* CommandLineKit */ = {
			isa = PBXGroup;
			children = (
				OBJ_43 /* CommandLine.swift */,
				OBJ_44 /* Option.swift */,
				OBJ_45 /* StringExtensions.swift */,
			);
			name = CommandLineKit;
			path = ".build/checkouts/CommandLine-2650396103741080200/CommandLineKit";
			sourceTree = SOURCE_ROOT;
		};
		OBJ_46 /* Products */ = {
			isa = PBXGroup;
			children = (
				OBJ_47 /* CommandLineKit.framework */,
				OBJ_48 /* Rainbow.framework */,
				OBJ_49 /* Spectre.framework */,
				OBJ_50 /* PathKit.framework */,
				OBJ_51 /* GYArchiveKit.framework */,
				OBJ_52 /* GYArchiveTool */,
				OBJ_53 /* GYArchiveToolTests.xctest */,
			);
			name = Products;
			sourceTree = BUILT_PRODUCTS_DIR;
		};
		OBJ_5 /*  */ = {
			isa = PBXGroup;
			children = (
				OBJ_6 /* Package.swift */,
				OBJ_7 /* Sources */,
				OBJ_13 /* Tests */,
				OBJ_17 /* Dependencies */,
				OBJ_46 /* Products */,
			);
			name = "";
			sourceTree = "<group>";
		};
		OBJ_7 /* Sources */ = {
			isa = PBXGroup;
			children = (
				OBJ_8 /* GYArchiveKit */,
				OBJ_11 /* GYArchiveTool */,
			);
			name = Sources;
			sourceTree = SOURCE_ROOT;
		};
		OBJ_8 /* GYArchiveKit */ = {
			isa = PBXGroup;
			children = (
				OBJ_9 /* Extensions.swift */,
				OBJ_10 /* GYArchiveKit.swift */,
				73F807111EE9689A000ED878 /* FileProcess.swift */,
			);
			name = GYArchiveKit;
			path = Sources/GYArchiveKit;
			sourceTree = SOURCE_ROOT;
		};
/* End PBXGroup section */

/* Begin PBXNativeTarget section */
		OBJ_103 /* GYArchiveKit */ = {
			isa = PBXNativeTarget;
			buildConfigurationList = OBJ_104 /* Build configuration list for PBXNativeTarget "GYArchiveKit" */;
			buildPhases = (
				OBJ_107 /* Sources */,
				OBJ_110 /* Frameworks */,
			);
			buildRules = (
			);
			dependencies = (
				OBJ_115 /* PBXTargetDependency */,
				OBJ_116 /* PBXTargetDependency */,
				OBJ_117 /* PBXTargetDependency */,
				OBJ_118 /* PBXTargetDependency */,
			);
			name = GYArchiveKit;
			productName = GYArchiveKit;
			productReference = OBJ_51 /* GYArchiveKit.framework */;
			productType = "com.apple.product-type.framework";
		};
		OBJ_119 /* GYArchiveTool */ = {
			isa = PBXNativeTarget;
			buildConfigurationList = OBJ_120 /* Build configuration list for PBXNativeTarget "GYArchiveTool" */;
			buildPhases = (
				OBJ_123 /* Sources */,
				OBJ_125 /* Frameworks */,
			);
			buildRules = (
			);
			dependencies = (
				OBJ_131 /* PBXTargetDependency */,
				OBJ_132 /* PBXTargetDependency */,
				OBJ_133 /* PBXTargetDependency */,
				OBJ_134 /* PBXTargetDependency */,
				OBJ_135 /* PBXTargetDependency */,
			);
			name = GYArchiveTool;
			productName = GYArchiveTool;
			productReference = OBJ_52 /* GYArchiveTool */;
			productType = "com.apple.product-type.tool";
		};
		OBJ_136 /* GYArchiveToolTests */ = {
			isa = PBXNativeTarget;
			buildConfigurationList = OBJ_137 /* Build configuration list for PBXNativeTarget "GYArchiveToolTests" */;
			buildPhases = (
				OBJ_140 /* Sources */,
				OBJ_143 /* Frameworks */,
			);
			buildRules = (
			);
			dependencies = (
				OBJ_149 /* PBXTargetDependency */,
				OBJ_150 /* PBXTargetDependency */,
				OBJ_151 /* PBXTargetDependency */,
				OBJ_152 /* PBXTargetDependency */,
				OBJ_153 /* PBXTargetDependency */,
				OBJ_154 /* PBXTargetDependency */,
			);
			name = GYArchiveToolTests;
			productName = GYArchiveToolTests;
			productReference = OBJ_53 /* GYArchiveToolTests.xctest */;
			productType = "com.apple.product-type.bundle.unit-test";
		};
		OBJ_54 /* CommandLineKit */ = {
			isa = PBXNativeTarget;
			buildConfigurationList = OBJ_55 /* Build configuration list for PBXNativeTarget "CommandLineKit" */;
			buildPhases = (
				OBJ_58 /* Sources */,
				OBJ_62 /* Frameworks */,
			);
			buildRules = (
			);
			dependencies = (
			);
			name = CommandLineKit;
			productName = CommandLineKit;
			productReference = OBJ_47 /* CommandLineKit.framework */;
			productType = "com.apple.product-type.framework";
		};
		OBJ_63 /* Rainbow */ = {
			isa = PBXNativeTarget;
			buildConfigurationList = OBJ_64 /* Build configuration list for PBXNativeTarget "Rainbow" */;
			buildPhases = (
				OBJ_67 /* Sources */,
				OBJ_79 /* Frameworks */,
			);
			buildRules = (
			);
			dependencies = (
			);
			name = Rainbow;
			productName = Rainbow;
			productReference = OBJ_48 /* Rainbow.framework */;
			productType = "com.apple.product-type.framework";
		};
		OBJ_80 /* Spectre */ = {
			isa = PBXNativeTarget;
			buildConfigurationList = OBJ_81 /* Build configuration list for PBXNativeTarget "Spectre" */;
			buildPhases = (
				OBJ_84 /* Sources */,
				OBJ_93 /* Frameworks */,
			);
			buildRules = (
			);
			dependencies = (
			);
			name = Spectre;
			productName = Spectre;
			productReference = OBJ_49 /* Spectre.framework */;
			productType = "com.apple.product-type.framework";
		};
		OBJ_94 /* PathKit */ = {
			isa = PBXNativeTarget;
			buildConfigurationList = OBJ_95 /* Build configuration list for PBXNativeTarget "PathKit" */;
			buildPhases = (
				OBJ_98 /* Sources */,
				OBJ_100 /* Frameworks */,
			);
			buildRules = (
			);
			dependencies = (
				OBJ_102 /* PBXTargetDependency */,
			);
			name = PathKit;
			productName = PathKit;
			productReference = OBJ_50 /* PathKit.framework */;
			productType = "com.apple.product-type.framework";
		};
/* End PBXNativeTarget section */

/* Begin PBXProject section */
		OBJ_1 /* Project object */ = {
			isa = PBXProject;
			attributes = {
				LastUpgradeCheck = 9999;
			};
			buildConfigurationList = OBJ_2 /* Build configuration list for PBXProject "GYArchiveTool" */;
			compatibilityVersion = "Xcode 3.2";
			developmentRegion = English;
			hasScannedForEncodings = 0;
			knownRegions = (
				en,
			);
			mainGroup = OBJ_5 /*  */;
			productRefGroup = OBJ_46 /* Products */;
			projectDirPath = "";
			projectRoot = "";
			targets = (
				OBJ_54 /* CommandLineKit */,
				OBJ_63 /* Rainbow */,
				OBJ_80 /* Spectre */,
				OBJ_94 /* PathKit */,
				OBJ_103 /* GYArchiveKit */,
				OBJ_119 /* GYArchiveTool */,
				OBJ_136 /* GYArchiveToolTests */,
			);
		};
/* End PBXProject section */

/* Begin PBXSourcesBuildPhase section */
		OBJ_107 /* Sources */ = {
			isa = PBXSourcesBuildPhase;
			buildActionMask = 0;
			files = (
				OBJ_108 /* Extensions.swift in Sources */,
				73F807121EE9689A000ED878 /* FileProcess.swift in Sources */,
				OBJ_109 /* GYArchiveKit.swift in Sources */,
			);
			runOnlyForDeploymentPostprocessing = 0;
		};
		OBJ_123 /* Sources */ = {
			isa = PBXSourcesBuildPhase;
			buildActionMask = 0;
			files = (
				OBJ_124 /* main.swift in Sources */,
			);
			runOnlyForDeploymentPostprocessing = 0;
		};
		OBJ_140 /* Sources */ = {
			isa = PBXSourcesBuildPhase;
			buildActionMask = 0;
			files = (
				OBJ_141 /* GYArchiveKitSpec.swift in Sources */,
				OBJ_142 /* GYArchiveKitTests.swift in Sources */,
			);
			runOnlyForDeploymentPostprocessing = 0;
		};
		OBJ_58 /* Sources */ = {
			isa = PBXSourcesBuildPhase;
			buildActionMask = 0;
			files = (
				OBJ_59 /* CommandLine.swift in Sources */,
				OBJ_60 /* Option.swift in Sources */,
				OBJ_61 /* StringExtensions.swift in Sources */,
			);
			runOnlyForDeploymentPostprocessing = 0;
		};
		OBJ_67 /* Sources */ = {
			isa = PBXSourcesBuildPhase;
			buildActionMask = 0;
			files = (
				OBJ_68 /* BackgroundColor.swift in Sources */,
				OBJ_69 /* CodesParser.swift in Sources */,
				OBJ_70 /* Color.swift in Sources */,
				OBJ_71 /* ControlCode.swift in Sources */,
				OBJ_72 /* ModesExtractor.swift in Sources */,
				OBJ_73 /* OutputTarget.swift in Sources */,
				OBJ_74 /* Rainbow.swift in Sources */,
				OBJ_75 /* String+Rainbow.swift in Sources */,
				OBJ_76 /* StringGenerator.swift in Sources */,
				OBJ_77 /* Style.swift in Sources */,
				OBJ_78 /* XcodeColorsSupport.swift in Sources */,
			);
			runOnlyForDeploymentPostprocessing = 0;
		};
		OBJ_84 /* Sources */ = {
			isa = PBXSourcesBuildPhase;
			buildActionMask = 0;
			files = (
				OBJ_85 /* Case.swift in Sources */,
				OBJ_86 /* Context.swift in Sources */,
				OBJ_87 /* Expectation.swift in Sources */,
				OBJ_88 /* Failure.swift in Sources */,
				OBJ_89 /* Global.swift in Sources */,
				OBJ_90 /* GlobalContext.swift in Sources */,
				OBJ_91 /* Reporter.swift in Sources */,
				OBJ_92 /* Reporters.swift in Sources */,
			);
			runOnlyForDeploymentPostprocessing = 0;
		};
		OBJ_98 /* Sources */ = {
			isa = PBXSourcesBuildPhase;
			buildActionMask = 0;
			files = (
				OBJ_99 /* PathKit.swift in Sources */,
			);
			runOnlyForDeploymentPostprocessing = 0;
		};
/* End PBXSourcesBuildPhase section */

/* Begin PBXTargetDependency section */
		OBJ_102 /* PBXTargetDependency */ = {
			isa = PBXTargetDependency;
			target = OBJ_80 /* Spectre */;
			targetProxy = 73F807001EE93AE4000ED878 /* PBXContainerItemProxy */;
		};
		OBJ_115 /* PBXTargetDependency */ = {
			isa = PBXTargetDependency;
			target = OBJ_54 /* CommandLineKit */;
			targetProxy = 73F807011EE93AE4000ED878 /* PBXContainerItemProxy */;
		};
		OBJ_116 /* PBXTargetDependency */ = {
			isa = PBXTargetDependency;
			target = OBJ_63 /* Rainbow */;
			targetProxy = 73F807021EE93AE4000ED878 /* PBXContainerItemProxy */;
		};
		OBJ_117 /* PBXTargetDependency */ = {
			isa = PBXTargetDependency;
			target = OBJ_80 /* Spectre */;
			targetProxy = 73F807031EE93AE4000ED878 /* PBXContainerItemProxy */;
		};
		OBJ_118 /* PBXTargetDependency */ = {
			isa = PBXTargetDependency;
			target = OBJ_94 /* PathKit */;
			targetProxy = 73F807041EE93AE4000ED878 /* PBXContainerItemProxy */;
		};
		OBJ_131 /* PBXTargetDependency */ = {
			isa = PBXTargetDependency;
			target = OBJ_54 /* CommandLineKit */;
			targetProxy = 73F807051EE93AE4000ED878 /* PBXContainerItemProxy */;
		};
		OBJ_132 /* PBXTargetDependency */ = {
			isa = PBXTargetDependency;
			target = OBJ_63 /* Rainbow */;
			targetProxy = 73F807061EE93AE4000ED878 /* PBXContainerItemProxy */;
		};
		OBJ_133 /* PBXTargetDependency */ = {
			isa = PBXTargetDependency;
			target = OBJ_80 /* Spectre */;
			targetProxy = 73F807071EE93AE4000ED878 /* PBXContainerItemProxy */;
		};
		OBJ_134 /* PBXTargetDependency */ = {
			isa = PBXTargetDependency;
			target = OBJ_94 /* PathKit */;
			targetProxy = 73F807081EE93AE4000ED878 /* PBXContainerItemProxy */;
		};
		OBJ_135 /* PBXTargetDependency */ = {
			isa = PBXTargetDependency;
			target = OBJ_103 /* GYArchiveKit */;
			targetProxy = 73F807091EE93AE4000ED878 /* PBXContainerItemProxy */;
		};
		OBJ_149 /* PBXTargetDependency */ = {
			isa = PBXTargetDependency;
			target = OBJ_54 /* CommandLineKit */;
			targetProxy = 73F8070A1EE93AE4000ED878 /* PBXContainerItemProxy */;
		};
		OBJ_150 /* PBXTargetDependency */ = {
			isa = PBXTargetDependency;
			target = OBJ_63 /* Rainbow */;
			targetProxy = 73F8070B1EE93AE4000ED878 /* PBXContainerItemProxy */;
		};
		OBJ_151 /* PBXTargetDependency */ = {
			isa = PBXTargetDependency;
			target = OBJ_80 /* Spectre */;
			targetProxy = 73F8070C1EE93AE4000ED878 /* PBXContainerItemProxy */;
		};
		OBJ_152 /* PBXTargetDependency */ = {
			isa = PBXTargetDependency;
			target = OBJ_94 /* PathKit */;
			targetProxy = 73F8070D1EE93AE4000ED878 /* PBXContainerItemProxy */;
		};
		OBJ_153 /* PBXTargetDependency */ = {
			isa = PBXTargetDependency;
			target = OBJ_103 /* GYArchiveKit */;
			targetProxy = 73F8070E1EE93AE4000ED878 /* PBXContainerItemProxy */;
		};
		OBJ_154 /* PBXTargetDependency */ = {
			isa = PBXTargetDependency;
			target = OBJ_119 /* GYArchiveTool */;
			targetProxy = 73F8070F1EE93AE4000ED878 /* PBXContainerItemProxy */;
		};
/* End PBXTargetDependency section */

/* Begin XCBuildConfiguration section */
		OBJ_105 /* Debug */ = {
			isa = XCBuildConfiguration;
			buildSettings = {
				ENABLE_TESTABILITY = YES;
				FRAMEWORK_SEARCH_PATHS = (
					"$(inherited)",
					"$(PLATFORM_DIR)/Developer/Library/Frameworks",
				);
				HEADER_SEARCH_PATHS = "$(inherited)";
				INFOPLIST_FILE = GYArchiveTool.xcodeproj/GYArchiveKit_Info.plist;
				LD_RUNPATH_SEARCH_PATHS = "$(TOOLCHAIN_DIR)/usr/lib/swift/macosx";
				OTHER_LDFLAGS = "$(inherited)";
				OTHER_SWIFT_FLAGS = "$(inherited)";
				PRODUCT_BUNDLE_IDENTIFIER = GYArchiveKit;
				PRODUCT_MODULE_NAME = "$(TARGET_NAME:c99extidentifier)";
				PRODUCT_NAME = "$(TARGET_NAME:c99extidentifier)";
				SKIP_INSTALL = YES;
				TARGET_NAME = GYArchiveKit;
			};
			name = Debug;
		};
		OBJ_106 /* Release */ = {
			isa = XCBuildConfiguration;
			buildSettings = {
				ENABLE_TESTABILITY = YES;
				FRAMEWORK_SEARCH_PATHS = (
					"$(inherited)",
					"$(PLATFORM_DIR)/Developer/Library/Frameworks",
				);
				HEADER_SEARCH_PATHS = "$(inherited)";
				INFOPLIST_FILE = GYArchiveTool.xcodeproj/GYArchiveKit_Info.plist;
				LD_RUNPATH_SEARCH_PATHS = "$(TOOLCHAIN_DIR)/usr/lib/swift/macosx";
				OTHER_LDFLAGS = "$(inherited)";
				OTHER_SWIFT_FLAGS = "$(inherited)";
				PRODUCT_BUNDLE_IDENTIFIER = GYArchiveKit;
				PRODUCT_MODULE_NAME = "$(TARGET_NAME:c99extidentifier)";
				PRODUCT_NAME = "$(TARGET_NAME:c99extidentifier)";
				SKIP_INSTALL = YES;
				TARGET_NAME = GYArchiveKit;
			};
			name = Release;
		};
		OBJ_121 /* Debug */ = {
			isa = XCBuildConfiguration;
			buildSettings = {
				FRAMEWORK_SEARCH_PATHS = (
					"$(inherited)",
					"$(PLATFORM_DIR)/Developer/Library/Frameworks",
				);
				HEADER_SEARCH_PATHS = "$(inherited)";
				INFOPLIST_FILE = GYArchiveTool.xcodeproj/GYArchiveTool_Info.plist;
				LD_RUNPATH_SEARCH_PATHS = "$(TOOLCHAIN_DIR)/usr/lib/swift/macosx @executable_path";
				OTHER_LDFLAGS = "$(inherited)";
				OTHER_SWIFT_FLAGS = "$(inherited)";
				SWIFT_FORCE_DYNAMIC_LINK_STDLIB = YES;
				SWIFT_FORCE_STATIC_LINK_STDLIB = NO;
				TARGET_NAME = GYArchiveTool;
			};
			name = Debug;
		};
		OBJ_122 /* Release */ = {
			isa = XCBuildConfiguration;
			buildSettings = {
				FRAMEWORK_SEARCH_PATHS = (
					"$(inherited)",
					"$(PLATFORM_DIR)/Developer/Library/Frameworks",
				);
				HEADER_SEARCH_PATHS = "$(inherited)";
				INFOPLIST_FILE = GYArchiveTool.xcodeproj/GYArchiveTool_Info.plist;
				LD_RUNPATH_SEARCH_PATHS = "$(TOOLCHAIN_DIR)/usr/lib/swift/macosx @executable_path";
				OTHER_LDFLAGS = "$(inherited)";
				OTHER_SWIFT_FLAGS = "$(inherited)";
				SWIFT_FORCE_DYNAMIC_LINK_STDLIB = YES;
				SWIFT_FORCE_STATIC_LINK_STDLIB = NO;
				TARGET_NAME = GYArchiveTool;
			};
			name = Release;
		};
		OBJ_138 /* Debug */ = {
			isa = XCBuildConfiguration;
			buildSettings = {
				EMBEDDED_CONTENT_CONTAINS_SWIFT = YES;
				FRAMEWORK_SEARCH_PATHS = (
					"$(inherited)",
					"$(PLATFORM_DIR)/Developer/Library/Frameworks",
				);
				HEADER_SEARCH_PATHS = "$(inherited)";
				INFOPLIST_FILE = GYArchiveTool.xcodeproj/GYArchiveToolTests_Info.plist;
				LD_RUNPATH_SEARCH_PATHS = "@loader_path/../Frameworks @loader_path/Frameworks";
				OTHER_LDFLAGS = "$(inherited)";
				OTHER_SWIFT_FLAGS = "$(inherited)";
				TARGET_NAME = GYArchiveToolTests;
			};
			name = Debug;
		};
		OBJ_139 /* Release */ = {
			isa = XCBuildConfiguration;
			buildSettings = {
				EMBEDDED_CONTENT_CONTAINS_SWIFT = YES;
				FRAMEWORK_SEARCH_PATHS = (
					"$(inherited)",
					"$(PLATFORM_DIR)/Developer/Library/Frameworks",
				);
				HEADER_SEARCH_PATHS = "$(inherited)";
				INFOPLIST_FILE = GYArchiveTool.xcodeproj/GYArchiveToolTests_Info.plist;
				LD_RUNPATH_SEARCH_PATHS = "@loader_path/../Frameworks @loader_path/Frameworks";
				OTHER_LDFLAGS = "$(inherited)";
				OTHER_SWIFT_FLAGS = "$(inherited)";
				TARGET_NAME = GYArchiveToolTests;
			};
			name = Release;
		};
		OBJ_3 /* Debug */ = {
			isa = XCBuildConfiguration;
			buildSettings = {
				CLANG_ENABLE_OBJC_ARC = YES;
				COMBINE_HIDPI_IMAGES = YES;
				COPY_PHASE_STRIP = NO;
				DEBUG_INFORMATION_FORMAT = dwarf;
				DYLIB_INSTALL_NAME_BASE = "@rpath";
				ENABLE_NS_ASSERTIONS = YES;
				GCC_OPTIMIZATION_LEVEL = 0;
				MACOSX_DEPLOYMENT_TARGET = 10.10;
				ONLY_ACTIVE_ARCH = YES;
				OTHER_SWIFT_FLAGS = "-DXcode";
				PRODUCT_NAME = "$(TARGET_NAME)";
				SDKROOT = macosx;
				SUPPORTED_PLATFORMS = "macosx iphoneos iphonesimulator appletvos appletvsimulator watchos watchsimulator";
				SWIFT_ACTIVE_COMPILATION_CONDITIONS = SWIFT_PACKAGE;
				SWIFT_OPTIMIZATION_LEVEL = "-Onone";
				SWIFT_VERSION = 3.0;
				USE_HEADERMAP = NO;
			};
			name = Debug;
		};
		OBJ_4 /* Release */ = {
			isa = XCBuildConfiguration;
			buildSettings = {
				CLANG_ENABLE_OBJC_ARC = YES;
				COMBINE_HIDPI_IMAGES = YES;
				COPY_PHASE_STRIP = YES;
				DEBUG_INFORMATION_FORMAT = "dwarf-with-dsym";
				DYLIB_INSTALL_NAME_BASE = "@rpath";
				GCC_OPTIMIZATION_LEVEL = s;
				MACOSX_DEPLOYMENT_TARGET = 10.10;
				OTHER_SWIFT_FLAGS = "-DXcode";
				PRODUCT_NAME = "$(TARGET_NAME)";
				SDKROOT = macosx;
				SUPPORTED_PLATFORMS = "macosx iphoneos iphonesimulator appletvos appletvsimulator watchos watchsimulator";
				SWIFT_ACTIVE_COMPILATION_CONDITIONS = SWIFT_PACKAGE;
				SWIFT_OPTIMIZATION_LEVEL = "-Owholemodule";
				SWIFT_VERSION = 3.0;
				USE_HEADERMAP = NO;
			};
			name = Release;
		};
		OBJ_56 /* Debug */ = {
			isa = XCBuildConfiguration;
			buildSettings = {
				ENABLE_TESTABILITY = YES;
				FRAMEWORK_SEARCH_PATHS = (
					"$(inherited)",
					"$(PLATFORM_DIR)/Developer/Library/Frameworks",
				);
				HEADER_SEARCH_PATHS = "$(inherited)";
				INFOPLIST_FILE = GYArchiveTool.xcodeproj/CommandLineKit_Info.plist;
				LD_RUNPATH_SEARCH_PATHS = "$(TOOLCHAIN_DIR)/usr/lib/swift/macosx";
				OTHER_LDFLAGS = "$(inherited)";
				OTHER_SWIFT_FLAGS = "$(inherited)";
				PRODUCT_BUNDLE_IDENTIFIER = CommandLineKit;
				PRODUCT_MODULE_NAME = "$(TARGET_NAME:c99extidentifier)";
				PRODUCT_NAME = "$(TARGET_NAME:c99extidentifier)";
				SKIP_INSTALL = YES;
				TARGET_NAME = CommandLineKit;
			};
			name = Debug;
		};
		OBJ_57 /* Release */ = {
			isa = XCBuildConfiguration;
			buildSettings = {
				ENABLE_TESTABILITY = YES;
				FRAMEWORK_SEARCH_PATHS = (
					"$(inherited)",
					"$(PLATFORM_DIR)/Developer/Library/Frameworks",
				);
				HEADER_SEARCH_PATHS = "$(inherited)";
				INFOPLIST_FILE = GYArchiveTool.xcodeproj/CommandLineKit_Info.plist;
				LD_RUNPATH_SEARCH_PATHS = "$(TOOLCHAIN_DIR)/usr/lib/swift/macosx";
				OTHER_LDFLAGS = "$(inherited)";
				OTHER_SWIFT_FLAGS = "$(inherited)";
				PRODUCT_BUNDLE_IDENTIFIER = CommandLineKit;
				PRODUCT_MODULE_NAME = "$(TARGET_NAME:c99extidentifier)";
				PRODUCT_NAME = "$(TARGET_NAME:c99extidentifier)";
				SKIP_INSTALL = YES;
				TARGET_NAME = CommandLineKit;
			};
			name = Release;
		};
		OBJ_65 /* Debug */ = {
			isa = XCBuildConfiguration;
			buildSettings = {
				ENABLE_TESTABILITY = YES;
				FRAMEWORK_SEARCH_PATHS = (
					"$(inherited)",
					"$(PLATFORM_DIR)/Developer/Library/Frameworks",
				);
				HEADER_SEARCH_PATHS = "$(inherited)";
				INFOPLIST_FILE = GYArchiveTool.xcodeproj/Rainbow_Info.plist;
				LD_RUNPATH_SEARCH_PATHS = "$(TOOLCHAIN_DIR)/usr/lib/swift/macosx";
				OTHER_LDFLAGS = "$(inherited)";
				OTHER_SWIFT_FLAGS = "$(inherited)";
				PRODUCT_BUNDLE_IDENTIFIER = Rainbow;
				PRODUCT_MODULE_NAME = "$(TARGET_NAME:c99extidentifier)";
				PRODUCT_NAME = "$(TARGET_NAME:c99extidentifier)";
				SKIP_INSTALL = YES;
				TARGET_NAME = Rainbow;
			};
			name = Debug;
		};
		OBJ_66 /* Release */ = {
			isa = XCBuildConfiguration;
			buildSettings = {
				ENABLE_TESTABILITY = YES;
				FRAMEWORK_SEARCH_PATHS = (
					"$(inherited)",
					"$(PLATFORM_DIR)/Developer/Library/Frameworks",
				);
				HEADER_SEARCH_PATHS = "$(inherited)";
				INFOPLIST_FILE = GYArchiveTool.xcodeproj/Rainbow_Info.plist;
				LD_RUNPATH_SEARCH_PATHS = "$(TOOLCHAIN_DIR)/usr/lib/swift/macosx";
				OTHER_LDFLAGS = "$(inherited)";
				OTHER_SWIFT_FLAGS = "$(inherited)";
				PRODUCT_BUNDLE_IDENTIFIER = Rainbow;
				PRODUCT_MODULE_NAME = "$(TARGET_NAME:c99extidentifier)";
				PRODUCT_NAME = "$(TARGET_NAME:c99extidentifier)";
				SKIP_INSTALL = YES;
				TARGET_NAME = Rainbow;
			};
			name = Release;
		};
		OBJ_82 /* Debug */ = {
			isa = XCBuildConfiguration;
			buildSettings = {
				ENABLE_TESTABILITY = YES;
				FRAMEWORK_SEARCH_PATHS = (
					"$(inherited)",
					"$(PLATFORM_DIR)/Developer/Library/Frameworks",
				);
				HEADER_SEARCH_PATHS = "$(inherited)";
				INFOPLIST_FILE = GYArchiveTool.xcodeproj/Spectre_Info.plist;
				LD_RUNPATH_SEARCH_PATHS = "$(TOOLCHAIN_DIR)/usr/lib/swift/macosx";
				OTHER_LDFLAGS = "$(inherited)";
				OTHER_SWIFT_FLAGS = "$(inherited)";
				PRODUCT_BUNDLE_IDENTIFIER = Spectre;
				PRODUCT_MODULE_NAME = "$(TARGET_NAME:c99extidentifier)";
				PRODUCT_NAME = "$(TARGET_NAME:c99extidentifier)";
				SKIP_INSTALL = YES;
				TARGET_NAME = Spectre;
			};
			name = Debug;
		};
		OBJ_83 /* Release */ = {
			isa = XCBuildConfiguration;
			buildSettings = {
				ENABLE_TESTABILITY = YES;
				FRAMEWORK_SEARCH_PATHS = (
					"$(inherited)",
					"$(PLATFORM_DIR)/Developer/Library/Frameworks",
				);
				HEADER_SEARCH_PATHS = "$(inherited)";
				INFOPLIST_FILE = GYArchiveTool.xcodeproj/Spectre_Info.plist;
				LD_RUNPATH_SEARCH_PATHS = "$(TOOLCHAIN_DIR)/usr/lib/swift/macosx";
				OTHER_LDFLAGS = "$(inherited)";
				OTHER_SWIFT_FLAGS = "$(inherited)";
				PRODUCT_BUNDLE_IDENTIFIER = Spectre;
				PRODUCT_MODULE_NAME = "$(TARGET_NAME:c99extidentifier)";
				PRODUCT_NAME = "$(TARGET_NAME:c99extidentifier)";
				SKIP_INSTALL = YES;
				TARGET_NAME = Spectre;
			};
			name = Release;
		};
		OBJ_96 /* Debug */ = {
			isa = XCBuildConfiguration;
			buildSettings = {
				ENABLE_TESTABILITY = YES;
				FRAMEWORK_SEARCH_PATHS = (
					"$(inherited)",
					"$(PLATFORM_DIR)/Developer/Library/Frameworks",
				);
				HEADER_SEARCH_PATHS = "$(inherited)";
				INFOPLIST_FILE = GYArchiveTool.xcodeproj/PathKit_Info.plist;
				LD_RUNPATH_SEARCH_PATHS = "$(TOOLCHAIN_DIR)/usr/lib/swift/macosx";
				OTHER_LDFLAGS = "$(inherited)";
				OTHER_SWIFT_FLAGS = "$(inherited)";
				PRODUCT_BUNDLE_IDENTIFIER = PathKit;
				PRODUCT_MODULE_NAME = "$(TARGET_NAME:c99extidentifier)";
				PRODUCT_NAME = "$(TARGET_NAME:c99extidentifier)";
				SKIP_INSTALL = YES;
				TARGET_NAME = PathKit;
			};
			name = Debug;
		};
		OBJ_97 /* Release */ = {
			isa = XCBuildConfiguration;
			buildSettings = {
				ENABLE_TESTABILITY = YES;
				FRAMEWORK_SEARCH_PATHS = (
					"$(inherited)",
					"$(PLATFORM_DIR)/Developer/Library/Frameworks",
				);
				HEADER_SEARCH_PATHS = "$(inherited)";
				INFOPLIST_FILE = GYArchiveTool.xcodeproj/PathKit_Info.plist;
				LD_RUNPATH_SEARCH_PATHS = "$(TOOLCHAIN_DIR)/usr/lib/swift/macosx";
				OTHER_LDFLAGS = "$(inherited)";
				OTHER_SWIFT_FLAGS = "$(inherited)";
				PRODUCT_BUNDLE_IDENTIFIER = PathKit;
				PRODUCT_MODULE_NAME = "$(TARGET_NAME:c99extidentifier)";
				PRODUCT_NAME = "$(TARGET_NAME:c99extidentifier)";
				SKIP_INSTALL = YES;
				TARGET_NAME = PathKit;
			};
			name = Release;
		};
/* End XCBuildConfiguration section */

/* Begin XCConfigurationList section */
		OBJ_104 /* Build configuration list for PBXNativeTarget "GYArchiveKit" */ = {
			isa = XCConfigurationList;
			buildConfigurations = (
				OBJ_105 /* Debug */,
				OBJ_106 /* Release */,
			);
			defaultConfigurationIsVisible = 0;
			defaultConfigurationName = Debug;
		};
		OBJ_120 /* Build configuration list for PBXNativeTarget "GYArchiveTool" */ = {
			isa = XCConfigurationList;
			buildConfigurations = (
				OBJ_121 /* Debug */,
				OBJ_122 /* Release */,
			);
			defaultConfigurationIsVisible = 0;
			defaultConfigurationName = Debug;
		};
		OBJ_137 /* Build configuration list for PBXNativeTarget "GYArchiveToolTests" */ = {
			isa = XCConfigurationList;
			buildConfigurations = (
				OBJ_138 /* Debug */,
				OBJ_139 /* Release */,
			);
			defaultConfigurationIsVisible = 0;
			defaultConfigurationName = Debug;
		};
		OBJ_2 /* Build configuration list for PBXProject "GYArchiveTool" */ = {
			isa = XCConfigurationList;
			buildConfigurations = (
				OBJ_3 /* Debug */,
				OBJ_4 /* Release */,
			);
			defaultConfigurationIsVisible = 0;
			defaultConfigurationName = Debug;
		};
		OBJ_55 /* Build configuration list for PBXNativeTarget "CommandLineKit" */ = {
			isa = XCConfigurationList;
			buildConfigurations = (
				OBJ_56 /* Debug */,
				OBJ_57 /* Release */,
			);
			defaultConfigurationIsVisible = 0;
			defaultConfigurationName = Debug;
		};
		OBJ_64 /* Build configuration list for PBXNativeTarget "Rainbow" */ = {
			isa = XCConfigurationList;
			buildConfigurations = (
				OBJ_65 /* Debug */,
				OBJ_66 /* Release */,
			);
			defaultConfigurationIsVisible = 0;
			defaultConfigurationName = Debug;
		};
		OBJ_81 /* Build configuration list for PBXNativeTarget "Spectre" */ = {
			isa = XCConfigurationList;
			buildConfigurations = (
				OBJ_82 /* Debug */,
				OBJ_83 /* Release */,
			);
			defaultConfigurationIsVisible = 0;
			defaultConfigurationName = Debug;
		};
		OBJ_95 /* Build configuration list for PBXNativeTarget "PathKit" */ = {
			isa = XCConfigurationList;
			buildConfigurations = (
				OBJ_96 /* Debug */,
				OBJ_97 /* Release */,
			);
			defaultConfigurationIsVisible = 0;
			defaultConfigurationName = Debug;
		};
/* End XCConfigurationList section */
	};
	rootObject = OBJ_1 /* Project object */;
}
